// !$*UTF8*$!
{
	archiveVersion = 1;
	classes = {
	};
	objectVersion = 46;
	objects = {

/* Begin PBXAggregateTarget section */
		893BEE70640711CCDE337180 /* SIMD-Test - All */ = {
			isa = PBXAggregateTarget;
			buildConfigurationList = F0560F27CCD31A6DF6465F92;
			buildPhases = (
			);
			dependencies = (
				4C1ED796D0FECFE20D69C90C,
				78781906C5B7361A54BF7B61,
				096B7FED26FFE14F66F38E1D,
				73B73C4722B67CFEE7278D91,
			);
			name = "SIMD-Test - All";
			productName = "SIMD-Test";
		};
/* End PBXAggregateTarget section */

/* Begin PBXBuildFile section */
		0136D791BFD3D8DE3FE58145 /* Shared Code */ = {isa = PBXBuildFile; fileRef = 35149F5FAF40993B9D9C3098; };
		04343AD2D1A389B6A6F7AAA4 /* include_juce_audio_plugin_client_utils.cpp */ = {isa = PBXBuildFile; fileRef = 47A49ED37754E8929D2B9E3C; };
		0582C8DF6DD21FD8DDB7A717 /* include_juce_audio_plugin_client_VST3.cpp */ = {isa = PBXBuildFile; fileRef = 13FC1E704ACF6977FF97D505; };
		0791024E96F90344DFA88928 /* PluginProcessor.cpp */ = {isa = PBXBuildFile; fileRef = B7EBD406BB0DA50AD0CF8771; };
		0E20AC6177E807CC2CD9DDAA /* IOKit.framework */ = {isa = PBXBuildFile; fileRef = A6334F0525CEC557DE56C7D1; };
		1426C21545147A0BBC9089A9 /* include_juce_audio_plugin_client_RTAS_3.cpp */ = {isa = PBXBuildFile; fileRef = 6B1EE7AD5DD07F18562BCACE; };
		1B9272CFDF51C812CEACF6DF /* include_juce_core.mm */ = {isa = PBXBuildFile; fileRef = 136B305ECB4D8CAE757E2CFB; };
		1CEEEA0A6E874D893569A4CC /* include_juce_audio_utils.mm */ = {isa = PBXBuildFile; fileRef = 947996D8B45E0015805C0D92; };
		1E173DBB5C4BA15AEFCF0375 /* CoreMIDI.framework */ = {isa = PBXBuildFile; fileRef = 149CE67966190A30361F2123; };
		20FE0AB41A86CC813BAF1145 /* include_juce_audio_plugin_client_RTAS_2.cpp */ = {isa = PBXBuildFile; fileRef = 0E9E0305504702112239F37F; };
		2C38BF3AC0A0373276C87407 /* include_juce_gui_basics.mm */ = {isa = PBXBuildFile; fileRef = 3342CBF5D79EE2864833C2D2; };
		31472F2B57D852276FB056DC /* include_juce_audio_plugin_client_VST_utils.mm */ = {isa = PBXBuildFile; fileRef = FED667B2DFB1C06715C4602C; };
		3DFC4D7A824FAADCA36B55E7 /* include_juce_audio_plugin_client_AU_2.mm */ = {isa = PBXBuildFile; fileRef = 821AB31889A363AC16B904D9; };
		480562E3EF59F005D9CCA6E1 /* PluginEditor.cpp */ = {isa = PBXBuildFile; fileRef = 5EDBCF1B133009CBC957D895; };
		5816FD740E5A2465A404AF61 /* include_juce_dsp.mm */ = {isa = PBXBuildFile; fileRef = 546691C40A82DAF8F239FEC5; };
		6423638DBFB8F75857D48609 /* include_juce_audio_processors.mm */ = {isa = PBXBuildFile; fileRef = 982DDB3A8343951CF49B06A0; };
		6F53C08702670A7F89DACF05 /* include_juce_data_structures.mm */ = {isa = PBXBuildFile; fileRef = 490DEE7255CA0D402F35F577; };
		79EB50520AC14DE06D23B2CE /* VST3 */ = {isa = PBXBuildFile; fileRef = FF3FBD11EE875C90C9CFE6E7; };
		7DAD27716A22EA839692A0C1 /* QuartzCore.framework */ = {isa = PBXBuildFile; fileRef = 8C134A1AFDD5AC8038983FA8; };
		8D69D82750AE69416F3C895A /* Foundation.framework */ = {isa = PBXBuildFile; fileRef = B8D3045647803A1472CCFCF6; };
		933994F9B93977F7F5EFAEE9 /* include_juce_audio_plugin_client_RTAS_utils.mm */ = {isa = PBXBuildFile; fileRef = 2801B85057465F419F7CD0AB; };
		97F7D23B16D9E5841D11FFF1 /* include_juce_audio_plugin_client_AU_1.mm */ = {isa = PBXBuildFile; fileRef = 7535DD3756DB2BEBDB9C2ACD; };
		9E4A74C952A5134A174EDD71 /* include_juce_graphics.mm */ = {isa = PBXBuildFile; fileRef = 9BD8DD95FAE4D82FBFE8380A; };
		A32E00123A59644C98288E02 /* include_juce_audio_plugin_client_Standalone.cpp */ = {isa = PBXBuildFile; fileRef = BA541AF296622C27B8F7ADEF; };
		A4A057BEFB05BAA5474E2958 /* include_juce_audio_plugin_client_AU.r */ = {isa = PBXBuildFile; fileRef = A104760EFD4AB2CF921D13B0; };
		AAF5B77883E8D0E68E9732D7 /* include_juce_events.mm */ = {isa = PBXBuildFile; fileRef = AE9D43BB5E1D3E5AE8096A3F; };
		B0905BF8D5040B0B30F505DB /* include_juce_gui_extra.mm */ = {isa = PBXBuildFile; fileRef = 85EF54E0F4EA4D3248290E06; };
		B4C11A2959323E89C515E63E /* WebKit.framework */ = {isa = PBXBuildFile; fileRef = 3A40347A9C3C632A54787225; };
		B84E45E1D95235023753DDD0 /* include_juce_audio_plugin_client_RTAS_4.cpp */ = {isa = PBXBuildFile; fileRef = FD4B90FA400D8459CA13938A; };
		C1AF3851093D2F3622B41377 /* CoreAudio.framework */ = {isa = PBXBuildFile; fileRef = 88463F1A9E39DE10879E5B79; };
		C2E35016AEAF5D07A22B6C76 /* include_juce_audio_formats.mm */ = {isa = PBXBuildFile; fileRef = 8E12D8994B1A3437436AF81B; };
		D377EA13F3549853B266C594 /* include_juce_audio_basics.mm */ = {isa = PBXBuildFile; fileRef = 321DB826755D555FC3537815; };
		D4293460E46C0CF236451F3A /* include_juce_audio_devices.mm */ = {isa = PBXBuildFile; fileRef = 6AC2E9CDEB189324D33019AA; };
		D55F14DFDFA9786B9B8AE8D6 /* RecentFilesMenuTemplate.nib */ = {isa = PBXBuildFile; fileRef = 15461013B2A546E6A2C20E38; };
		D595A7A2843CA75A5B379EA9 /* Accelerate.framework */ = {isa = PBXBuildFile; fileRef = 9AC85D9AE4E0EBE04EA80471; };
		DCB33C9B095E8F3051E10C38 /* AU */ = {isa = PBXBuildFile; fileRef = C8450B0D0033B75FBC204081; };
		E20E02553B8CFD5F5B357047 /* AudioToolbox.framework */ = {isa = PBXBuildFile; fileRef = 946A7D1C35772DDB4C88DF98; };
		E52FC0E2923F19E86241A391 /* Cocoa.framework */ = {isa = PBXBuildFile; fileRef = 86EB491579835A6D07642539; };
		ED9C30A941EBA5325DC444AD /* Carbon.framework */ = {isa = PBXBuildFile; fileRef = ABBF066F544F68917B48A26F; };
		F29BF6A80F9E30841E1C9C89 /* AudioUnit.framework */ = {isa = PBXBuildFile; fileRef = 4E22129CFEBF0F6A47B3578F; };
		FB9EE09A9BAB82568C297BC1 /* Standalone Plugin */ = {isa = PBXBuildFile; fileRef = D4DC691B89BD6ED33EBEC77E; };
		FC3F5552D09462AB94CECF48 /* DiscRecording.framework */ = {isa = PBXBuildFile; fileRef = 6C4704F5D63EE26CB997393E; };
		FC803A12ABAFBE311E5F4E34 /* include_juce_audio_plugin_client_RTAS_1.cpp */ = {isa = PBXBuildFile; fileRef = 0C2C960577441D97D2F87D72; };
		FDEB9422F91CA0D423EB55CA /* CoreAudioKit.framework */ = {isa = PBXBuildFile; fileRef = BB4110B2B5C7D0E21AFD9D56; };
/* End PBXBuildFile section */

/* Begin PBXFileReference section */
		0C2BD9515DA91BE90D7BC9DF /* juce_gui_extra */ /* juce_gui_extra */ = {isa = PBXFileReference; lastKnownFileType = folder; name = juce_gui_extra; path = "/Volumes/Land00m 1/GitHub/JT-16/modules/JUCE/modules/juce_gui_extra"; sourceTree = "<absolute>"; };
		0C2C960577441D97D2F87D72 /* include_juce_audio_plugin_client_RTAS_1.cpp */ /* include_juce_audio_plugin_client_RTAS_1.cpp */ = {isa = PBXFileReference; lastKnownFileType = sourcecode.cpp.cpp; name = include_juce_audio_plugin_client_RTAS_1.cpp; path = ../../JuceLibraryCode/include_juce_audio_plugin_client_RTAS_1.cpp; sourceTree = SOURCE_ROOT; };
		0E9E0305504702112239F37F /* include_juce_audio_plugin_client_RTAS_2.cpp */ /* include_juce_audio_plugin_client_RTAS_2.cpp */ = {isa = PBXFileReference; lastKnownFileType = sourcecode.cpp.cpp; name = include_juce_audio_plugin_client_RTAS_2.cpp; path = ../../JuceLibraryCode/include_juce_audio_plugin_client_RTAS_2.cpp; sourceTree = SOURCE_ROOT; };
		0F0D7F16266AF1C2700E8C37 /* juce_data_structures */ /* juce_data_structures */ = {isa = PBXFileReference; lastKnownFileType = folder; name = juce_data_structures; path = "/Volumes/Land00m 1/GitHub/JT-16/modules/JUCE/modules/juce_data_structures"; sourceTree = "<absolute>"; };
		12D761102218EB78E8C36A2B /* juce_core */ /* juce_core */ = {isa = PBXFileReference; lastKnownFileType = folder; name = juce_core; path = "/Volumes/Land00m 1/GitHub/JT-16/modules/JUCE/modules/juce_core"; sourceTree = "<absolute>"; };
		136B305ECB4D8CAE757E2CFB /* include_juce_core.mm */ /* include_juce_core.mm */ = {isa = PBXFileReference; lastKnownFileType = sourcecode.cpp.objcpp; name = include_juce_core.mm; path = ../../JuceLibraryCode/include_juce_core.mm; sourceTree = SOURCE_ROOT; };
		13FC1E704ACF6977FF97D505 /* include_juce_audio_plugin_client_VST3.cpp */ /* include_juce_audio_plugin_client_VST3.cpp */ = {isa = PBXFileReference; lastKnownFileType = sourcecode.cpp.cpp; name = include_juce_audio_plugin_client_VST3.cpp; path = ../../JuceLibraryCode/include_juce_audio_plugin_client_VST3.cpp; sourceTree = SOURCE_ROOT; };
		149CE67966190A30361F2123 /* CoreMIDI.framework */ /* CoreMIDI.framework */ = {isa = PBXFileReference; lastKnownFileType = wrapper.framework; name = CoreMIDI.framework; path = System/Library/Frameworks/CoreMIDI.framework; sourceTree = SDKROOT; };
		15461013B2A546E6A2C20E38 /* RecentFilesMenuTemplate.nib */ /* RecentFilesMenuTemplate.nib */ = {isa = PBXFileReference; lastKnownFileType = file.nib; name = RecentFilesMenuTemplate.nib; path = RecentFilesMenuTemplate.nib; sourceTree = SOURCE_ROOT; };
		23AA99678EC4CF9308F909AD /* juce_dsp */ /* juce_dsp */ = {isa = PBXFileReference; lastKnownFileType = folder; name = juce_dsp; path = "/Volumes/Land00m 1/GitHub/JT-16/modules/JUCE/modules/juce_dsp"; sourceTree = "<absolute>"; };
		2801B85057465F419F7CD0AB /* include_juce_audio_plugin_client_RTAS_utils.mm */ /* include_juce_audio_plugin_client_RTAS_utils.mm */ = {isa = PBXFileReference; lastKnownFileType = sourcecode.cpp.objcpp; name = include_juce_audio_plugin_client_RTAS_utils.mm; path = ../../JuceLibraryCode/include_juce_audio_plugin_client_RTAS_utils.mm; sourceTree = SOURCE_ROOT; };
		321DB826755D555FC3537815 /* include_juce_audio_basics.mm */ /* include_juce_audio_basics.mm */ = {isa = PBXFileReference; lastKnownFileType = sourcecode.cpp.objcpp; name = include_juce_audio_basics.mm; path = ../../JuceLibraryCode/include_juce_audio_basics.mm; sourceTree = SOURCE_ROOT; };
		3342CBF5D79EE2864833C2D2 /* include_juce_gui_basics.mm */ /* include_juce_gui_basics.mm */ = {isa = PBXFileReference; lastKnownFileType = sourcecode.cpp.objcpp; name = include_juce_gui_basics.mm; path = ../../JuceLibraryCode/include_juce_gui_basics.mm; sourceTree = SOURCE_ROOT; };
		35149F5FAF40993B9D9C3098 /* Shared Code */ = {isa = PBXFileReference; explicitFileType = archive.ar; includeInIndex = 0; path = "libSIMD-Test.a"; sourceTree = BUILT_PRODUCTS_DIR; };
		39DCA4D8C30A8EBC1FE9392B /* PluginProcessor.h */ /* PluginProcessor.h */ = {isa = PBXFileReference; lastKnownFileType = sourcecode.c.h; name = PluginProcessor.h; path = ../../Source/PluginProcessor.h; sourceTree = SOURCE_ROOT; };
		3A40347A9C3C632A54787225 /* WebKit.framework */ /* WebKit.framework */ = {isa = PBXFileReference; lastKnownFileType = wrapper.framework; name = WebKit.framework; path = System/Library/Frameworks/WebKit.framework; sourceTree = SDKROOT; };
		47A49ED37754E8929D2B9E3C /* include_juce_audio_plugin_client_utils.cpp */ /* include_juce_audio_plugin_client_utils.cpp */ = {isa = PBXFileReference; lastKnownFileType = sourcecode.cpp.cpp; name = include_juce_audio_plugin_client_utils.cpp; path = ../../JuceLibraryCode/include_juce_audio_plugin_client_utils.cpp; sourceTree = SOURCE_ROOT; };
		490DEE7255CA0D402F35F577 /* include_juce_data_structures.mm */ /* include_juce_data_structures.mm */ = {isa = PBXFileReference; lastKnownFileType = sourcecode.cpp.objcpp; name = include_juce_data_structures.mm; path = ../../JuceLibraryCode/include_juce_data_structures.mm; sourceTree = SOURCE_ROOT; };
		4A9A2B91D18D404C5F093E56 /* juce_audio_utils */ /* juce_audio_utils */ = {isa = PBXFileReference; lastKnownFileType = folder; name = juce_audio_utils; path = "/Volumes/Land00m 1/GitHub/JT-16/modules/JUCE/modules/juce_audio_utils"; sourceTree = "<absolute>"; };
		4E22129CFEBF0F6A47B3578F /* AudioUnit.framework */ /* AudioUnit.framework */ = {isa = PBXFileReference; lastKnownFileType = wrapper.framework; name = AudioUnit.framework; path = System/Library/Frameworks/AudioUnit.framework; sourceTree = SDKROOT; };
		546691C40A82DAF8F239FEC5 /* include_juce_dsp.mm */ /* include_juce_dsp.mm */ = {isa = PBXFileReference; lastKnownFileType = sourcecode.cpp.objcpp; name = include_juce_dsp.mm; path = ../../JuceLibraryCode/include_juce_dsp.mm; sourceTree = SOURCE_ROOT; };
		5EDBCF1B133009CBC957D895 /* PluginEditor.cpp */ /* PluginEditor.cpp */ = {isa = PBXFileReference; lastKnownFileType = sourcecode.cpp.cpp; name = PluginEditor.cpp; path = ../../Source/PluginEditor.cpp; sourceTree = SOURCE_ROOT; };
		6AC2E9CDEB189324D33019AA /* include_juce_audio_devices.mm */ /* include_juce_audio_devices.mm */ = {isa = PBXFileReference; lastKnownFileType = sourcecode.cpp.objcpp; name = include_juce_audio_devices.mm; path = ../../JuceLibraryCode/include_juce_audio_devices.mm; sourceTree = SOURCE_ROOT; };
		6B1EE7AD5DD07F18562BCACE /* include_juce_audio_plugin_client_RTAS_3.cpp */ /* include_juce_audio_plugin_client_RTAS_3.cpp */ = {isa = PBXFileReference; lastKnownFileType = sourcecode.cpp.cpp; name = include_juce_audio_plugin_client_RTAS_3.cpp; path = ../../JuceLibraryCode/include_juce_audio_plugin_client_RTAS_3.cpp; sourceTree = SOURCE_ROOT; };
		6C4704F5D63EE26CB997393E /* DiscRecording.framework */ /* DiscRecording.framework */ = {isa = PBXFileReference; lastKnownFileType = wrapper.framework; name = DiscRecording.framework; path = System/Library/Frameworks/DiscRecording.framework; sourceTree = SDKROOT; };
		6D5E8E5EA258B12C142E8FDB /* PluginEditor.h */ /* PluginEditor.h */ = {isa = PBXFileReference; lastKnownFileType = sourcecode.c.h; name = PluginEditor.h; path = ../../Source/PluginEditor.h; sourceTree = SOURCE_ROOT; };
		6DE91D9157E75DE58FDA8E7C /* juce_audio_plugin_client */ /* juce_audio_plugin_client */ = {isa = PBXFileReference; lastKnownFileType = folder; name = juce_audio_plugin_client; path = "/Volumes/Land00m 1/GitHub/JT-16/modules/JUCE/modules/juce_audio_plugin_client"; sourceTree = "<absolute>"; };
		7440A0FA4D9594474C7EAA3D /* juce_audio_devices */ /* juce_audio_devices */ = {isa = PBXFileReference; lastKnownFileType = folder; name = juce_audio_devices; path = "/Volumes/Land00m 1/GitHub/JT-16/modules/JUCE/modules/juce_audio_devices"; sourceTree = "<absolute>"; };
		7535DD3756DB2BEBDB9C2ACD /* include_juce_audio_plugin_client_AU_1.mm */ /* include_juce_audio_plugin_client_AU_1.mm */ = {isa = PBXFileReference; lastKnownFileType = sourcecode.cpp.objcpp; name = include_juce_audio_plugin_client_AU_1.mm; path = ../../JuceLibraryCode/include_juce_audio_plugin_client_AU_1.mm; sourceTree = SOURCE_ROOT; };
		821AB31889A363AC16B904D9 /* include_juce_audio_plugin_client_AU_2.mm */ /* include_juce_audio_plugin_client_AU_2.mm */ = {isa = PBXFileReference; lastKnownFileType = sourcecode.cpp.objcpp; name = include_juce_audio_plugin_client_AU_2.mm; path = ../../JuceLibraryCode/include_juce_audio_plugin_client_AU_2.mm; sourceTree = SOURCE_ROOT; };
		85EF54E0F4EA4D3248290E06 /* include_juce_gui_extra.mm */ /* include_juce_gui_extra.mm */ = {isa = PBXFileReference; lastKnownFileType = sourcecode.cpp.objcpp; name = include_juce_gui_extra.mm; path = ../../JuceLibraryCode/include_juce_gui_extra.mm; sourceTree = SOURCE_ROOT; };
		86EB491579835A6D07642539 /* Cocoa.framework */ /* Cocoa.framework */ = {isa = PBXFileReference; lastKnownFileType = wrapper.framework; name = Cocoa.framework; path = System/Library/Frameworks/Cocoa.framework; sourceTree = SDKROOT; };
		88463F1A9E39DE10879E5B79 /* CoreAudio.framework */ /* CoreAudio.framework */ = {isa = PBXFileReference; lastKnownFileType = wrapper.framework; name = CoreAudio.framework; path = System/Library/Frameworks/CoreAudio.framework; sourceTree = SDKROOT; };
		8A98FBDF9467273FD3842FF6 /* Info-AU.plist */ /* Info-AU.plist */ = {isa = PBXFileReference; lastKnownFileType = text.plist.xml; name = "Info-AU.plist"; path = "Info-AU.plist"; sourceTree = SOURCE_ROOT; };
		8C134A1AFDD5AC8038983FA8 /* QuartzCore.framework */ /* QuartzCore.framework */ = {isa = PBXFileReference; lastKnownFileType = wrapper.framework; name = QuartzCore.framework; path = System/Library/Frameworks/QuartzCore.framework; sourceTree = SDKROOT; };
		8E12D8994B1A3437436AF81B /* include_juce_audio_formats.mm */ /* include_juce_audio_formats.mm */ = {isa = PBXFileReference; lastKnownFileType = sourcecode.cpp.objcpp; name = include_juce_audio_formats.mm; path = ../../JuceLibraryCode/include_juce_audio_formats.mm; sourceTree = SOURCE_ROOT; };
		946A7D1C35772DDB4C88DF98 /* AudioToolbox.framework */ /* AudioToolbox.framework */ = {isa = PBXFileReference; lastKnownFileType = wrapper.framework; name = AudioToolbox.framework; path = System/Library/Frameworks/AudioToolbox.framework; sourceTree = SDKROOT; };
		947996D8B45E0015805C0D92 /* include_juce_audio_utils.mm */ /* include_juce_audio_utils.mm */ = {isa = PBXFileReference; lastKnownFileType = sourcecode.cpp.objcpp; name = include_juce_audio_utils.mm; path = ../../JuceLibraryCode/include_juce_audio_utils.mm; sourceTree = SOURCE_ROOT; };
		95101A5AFC0D2F22740777FE /* juce_audio_processors */ /* juce_audio_processors */ = {isa = PBXFileReference; lastKnownFileType = folder; name = juce_audio_processors; path = "/Volumes/Land00m 1/GitHub/JT-16/modules/JUCE/modules/juce_audio_processors"; sourceTree = "<absolute>"; };
		982DDB3A8343951CF49B06A0 /* include_juce_audio_processors.mm */ /* include_juce_audio_processors.mm */ = {isa = PBXFileReference; lastKnownFileType = sourcecode.cpp.objcpp; name = include_juce_audio_processors.mm; path = ../../JuceLibraryCode/include_juce_audio_processors.mm; sourceTree = SOURCE_ROOT; };
		9AC85D9AE4E0EBE04EA80471 /* Accelerate.framework */ /* Accelerate.framework */ = {isa = PBXFileReference; lastKnownFileType = wrapper.framework; name = Accelerate.framework; path = System/Library/Frameworks/Accelerate.framework; sourceTree = SDKROOT; };
		9BD8DD95FAE4D82FBFE8380A /* include_juce_graphics.mm */ /* include_juce_graphics.mm */ = {isa = PBXFileReference; lastKnownFileType = sourcecode.cpp.objcpp; name = include_juce_graphics.mm; path = ../../JuceLibraryCode/include_juce_graphics.mm; sourceTree = SOURCE_ROOT; };
		A047839290A9AA16473C8D34 /* juce_audio_formats */ /* juce_audio_formats */ = {isa = PBXFileReference; lastKnownFileType = folder; name = juce_audio_formats; path = "/Volumes/Land00m 1/GitHub/JT-16/modules/JUCE/modules/juce_audio_formats"; sourceTree = "<absolute>"; };
		A104760EFD4AB2CF921D13B0 /* include_juce_audio_plugin_client_AU.r */ /* include_juce_audio_plugin_client_AU.r */ = {isa = PBXFileReference; lastKnownFileType = file.r; name = include_juce_audio_plugin_client_AU.r; path = ../../JuceLibraryCode/include_juce_audio_plugin_client_AU.r; sourceTree = SOURCE_ROOT; };
		A6334F0525CEC557DE56C7D1 /* IOKit.framework */ /* IOKit.framework */ = {isa = PBXFileReference; lastKnownFileType = wrapper.framework; name = IOKit.framework; path = System/Library/Frameworks/IOKit.framework; sourceTree = SDKROOT; };
		AB168ACB284311C6B6C4525F /* juce_audio_basics */ /* juce_audio_basics */ = {isa = PBXFileReference; lastKnownFileType = folder; name = juce_audio_basics; path = "/Volumes/Land00m 1/GitHub/JT-16/modules/JUCE/modules/juce_audio_basics"; sourceTree = "<absolute>"; };
		ABBF066F544F68917B48A26F /* Carbon.framework */ /* Carbon.framework */ = {isa = PBXFileReference; lastKnownFileType = wrapper.framework; name = Carbon.framework; path = System/Library/Frameworks/Carbon.framework; sourceTree = SDKROOT; };
		ADBB6073C5E558686441C3A2 /* Info-Standalone_Plugin.plist */ /* Info-Standalone_Plugin.plist */ = {isa = PBXFileReference; lastKnownFileType = text.plist.xml; name = "Info-Standalone_Plugin.plist"; path = "Info-Standalone_Plugin.plist"; sourceTree = SOURCE_ROOT; };
		AE9D43BB5E1D3E5AE8096A3F /* include_juce_events.mm */ /* include_juce_events.mm */ = {isa = PBXFileReference; lastKnownFileType = sourcecode.cpp.objcpp; name = include_juce_events.mm; path = ../../JuceLibraryCode/include_juce_events.mm; sourceTree = SOURCE_ROOT; };
		B6F70BD4D65A9FBA946A2800 /* juce_events */ /* juce_events */ = {isa = PBXFileReference; lastKnownFileType = folder; name = juce_events; path = "/Volumes/Land00m 1/GitHub/JT-16/modules/JUCE/modules/juce_events"; sourceTree = "<absolute>"; };
		B7EBD406BB0DA50AD0CF8771 /* PluginProcessor.cpp */ /* PluginProcessor.cpp */ = {isa = PBXFileReference; lastKnownFileType = sourcecode.cpp.cpp; name = PluginProcessor.cpp; path = ../../Source/PluginProcessor.cpp; sourceTree = SOURCE_ROOT; };
		B8D3045647803A1472CCFCF6 /* Foundation.framework */ /* Foundation.framework */ = {isa = PBXFileReference; lastKnownFileType = wrapper.framework; name = Foundation.framework; path = System/Library/Frameworks/Foundation.framework; sourceTree = SDKROOT; };
		BA541AF296622C27B8F7ADEF /* include_juce_audio_plugin_client_Standalone.cpp */ /* include_juce_audio_plugin_client_Standalone.cpp */ = {isa = PBXFileReference; lastKnownFileType = sourcecode.cpp.cpp; name = include_juce_audio_plugin_client_Standalone.cpp; path = ../../JuceLibraryCode/include_juce_audio_plugin_client_Standalone.cpp; sourceTree = SOURCE_ROOT; };
		BB4110B2B5C7D0E21AFD9D56 /* CoreAudioKit.framework */ /* CoreAudioKit.framework */ = {isa = PBXFileReference; lastKnownFileType = wrapper.framework; name = CoreAudioKit.framework; path = System/Library/Frameworks/CoreAudioKit.framework; sourceTree = SDKROOT; };
		BD4B9C00D62867DEA3D69A1A /* juce_gui_basics */ /* juce_gui_basics */ = {isa = PBXFileReference; lastKnownFileType = folder; name = juce_gui_basics; path = "/Volumes/Land00m 1/GitHub/JT-16/modules/JUCE/modules/juce_gui_basics"; sourceTree = "<absolute>"; };
		C8450B0D0033B75FBC204081 /* AU */ = {isa = PBXFileReference; explicitFileType = wrapper.cfbundle; includeInIndex = 0; path = "SIMD-Test.component"; sourceTree = BUILT_PRODUCTS_DIR; };
		D4DC691B89BD6ED33EBEC77E /* Standalone Plugin */ = {isa = PBXFileReference; explicitFileType = wrapper.application; includeInIndex = 0; path = "SIMD-Test.app"; sourceTree = BUILT_PRODUCTS_DIR; };
		DB1B744CAA973EEBE669B054 /* JucePluginDefines.h */ /* JucePluginDefines.h */ = {isa = PBXFileReference; lastKnownFileType = sourcecode.c.h; name = JucePluginDefines.h; path = ../../JuceLibraryCode/JucePluginDefines.h; sourceTree = SOURCE_ROOT; };
		DB8E6A839E824EC2113FFB4C /* JuceHeader.h */ /* JuceHeader.h */ = {isa = PBXFileReference; lastKnownFileType = sourcecode.c.h; name = JuceHeader.h; path = ../../JuceLibraryCode/JuceHeader.h; sourceTree = SOURCE_ROOT; };
		DC4C2C50F0A7B1E6848AA702 /* juce_graphics */ /* juce_graphics */ = {isa = PBXFileReference; lastKnownFileType = folder; name = juce_graphics; path = "/Volumes/Land00m 1/GitHub/JT-16/modules/JUCE/modules/juce_graphics"; sourceTree = "<absolute>"; };
		DD9AD09D870137EC02627D36 /* include_juce_audio_plugin_client_RTAS.r */ /* include_juce_audio_plugin_client_RTAS.r */ = {isa = PBXFileReference; lastKnownFileType = file.r; name = include_juce_audio_plugin_client_RTAS.r; path = ../../JuceLibraryCode/include_juce_audio_plugin_client_RTAS.r; sourceTree = SOURCE_ROOT; };
		F27FA6C16CFECBBCDA4E530F /* Info-VST3.plist */ /* Info-VST3.plist */ = {isa = PBXFileReference; lastKnownFileType = text.plist.xml; name = "Info-VST3.plist"; path = "Info-VST3.plist"; sourceTree = SOURCE_ROOT; };
		FD4B90FA400D8459CA13938A /* include_juce_audio_plugin_client_RTAS_4.cpp */ /* include_juce_audio_plugin_client_RTAS_4.cpp */ = {isa = PBXFileReference; lastKnownFileType = sourcecode.cpp.cpp; name = include_juce_audio_plugin_client_RTAS_4.cpp; path = ../../JuceLibraryCode/include_juce_audio_plugin_client_RTAS_4.cpp; sourceTree = SOURCE_ROOT; };
		FED667B2DFB1C06715C4602C /* include_juce_audio_plugin_client_VST_utils.mm */ /* include_juce_audio_plugin_client_VST_utils.mm */ = {isa = PBXFileReference; lastKnownFileType = sourcecode.cpp.objcpp; name = include_juce_audio_plugin_client_VST_utils.mm; path = ../../JuceLibraryCode/include_juce_audio_plugin_client_VST_utils.mm; sourceTree = SOURCE_ROOT; };
		FF3FBD11EE875C90C9CFE6E7 /* VST3 */ = {isa = PBXFileReference; explicitFileType = wrapper.cfbundle; includeInIndex = 0; path = "SIMD-Test.vst3"; sourceTree = BUILT_PRODUCTS_DIR; };
/* End PBXFileReference section */

/* Begin PBXFrameworksBuildPhase section */
		00F17CC60F7ABD58BC370176 = {
			isa = PBXFrameworksBuildPhase;
			buildActionMask = 2147483647;
			files = (
				D595A7A2843CA75A5B379EA9,
				E20E02553B8CFD5F5B357047,
				ED9C30A941EBA5325DC444AD,
				E52FC0E2923F19E86241A391,
				C1AF3851093D2F3622B41377,
				FDEB9422F91CA0D423EB55CA,
				1E173DBB5C4BA15AEFCF0375,
				FC3F5552D09462AB94CECF48,
				8D69D82750AE69416F3C895A,
				0E20AC6177E807CC2CD9DDAA,
				7DAD27716A22EA839692A0C1,
				B4C11A2959323E89C515E63E,
			);
			runOnlyForDeploymentPostprocessing = 0;
		};
		9E0516886025596FA3CFFB9B = {
			isa = PBXFrameworksBuildPhase;
			buildActionMask = 2147483647;
			files = (
				F29BF6A80F9E30841E1C9C89,
				D595A7A2843CA75A5B379EA9,
				E20E02553B8CFD5F5B357047,
				ED9C30A941EBA5325DC444AD,
				E52FC0E2923F19E86241A391,
				C1AF3851093D2F3622B41377,
				FDEB9422F91CA0D423EB55CA,
				1E173DBB5C4BA15AEFCF0375,
				FC3F5552D09462AB94CECF48,
				8D69D82750AE69416F3C895A,
				0E20AC6177E807CC2CD9DDAA,
				7DAD27716A22EA839692A0C1,
				B4C11A2959323E89C515E63E,
			);
			runOnlyForDeploymentPostprocessing = 0;
		};
		A623551FC55BFF62E4C4B324 = {
			isa = PBXFrameworksBuildPhase;
			buildActionMask = 2147483647;
			files = (
				D595A7A2843CA75A5B379EA9,
				E20E02553B8CFD5F5B357047,
				ED9C30A941EBA5325DC444AD,
				E52FC0E2923F19E86241A391,
				C1AF3851093D2F3622B41377,
				FDEB9422F91CA0D423EB55CA,
				1E173DBB5C4BA15AEFCF0375,
				FC3F5552D09462AB94CECF48,
				8D69D82750AE69416F3C895A,
				0E20AC6177E807CC2CD9DDAA,
				7DAD27716A22EA839692A0C1,
				B4C11A2959323E89C515E63E,
			);
			runOnlyForDeploymentPostprocessing = 0;
		};
/* End PBXFrameworksBuildPhase section */

/* Begin PBXGroup section */
		15C8A82D8805F8770A3B1956 /* JUCE Modules */ = {
			isa = PBXGroup;
			children = (
				AB168ACB284311C6B6C4525F,
				7440A0FA4D9594474C7EAA3D,
				A047839290A9AA16473C8D34,
				6DE91D9157E75DE58FDA8E7C,
				95101A5AFC0D2F22740777FE,
				4A9A2B91D18D404C5F093E56,
				12D761102218EB78E8C36A2B,
				0F0D7F16266AF1C2700E8C37,
				23AA99678EC4CF9308F909AD,
				B6F70BD4D65A9FBA946A2800,
				DC4C2C50F0A7B1E6848AA702,
				BD4B9C00D62867DEA3D69A1A,
				0C2BD9515DA91BE90D7BC9DF,
			);
			name = "JUCE Modules";
			sourceTree = "<group>";
		};
		1A6E576BBEEDFF70CA337DC9 /* Source */ = {
			isa = PBXGroup;
			children = (
				A2E781C4B1802F01DDDDEDE8,
				15C8A82D8805F8770A3B1956,
				58C9D9EAA5CA649EA26C56C7,
				A1C7A4514D752BD6FFA49CA8,
				9ADAE4023962CC8BF3702BA9,
				6BF7901599BBBB38B6F13654,
			);
			name = Source;
			sourceTree = "<group>";
		};
		54BD4FF2DB732ED5E83D4B43 /* Source */ = {
			isa = PBXGroup;
			children = (
				B7EBD406BB0DA50AD0CF8771,
				39DCA4D8C30A8EBC1FE9392B,
				5EDBCF1B133009CBC957D895,
				6D5E8E5EA258B12C142E8FDB,
			);
			name = Source;
			sourceTree = "<group>";
		};
		58C9D9EAA5CA649EA26C56C7 /* JUCE Library Code */ = {
			isa = PBXGroup;
			children = (
				321DB826755D555FC3537815,
				6AC2E9CDEB189324D33019AA,
				8E12D8994B1A3437436AF81B,
				A104760EFD4AB2CF921D13B0,
				7535DD3756DB2BEBDB9C2ACD,
				821AB31889A363AC16B904D9,
				0C2C960577441D97D2F87D72,
				0E9E0305504702112239F37F,
				6B1EE7AD5DD07F18562BCACE,
				FD4B90FA400D8459CA13938A,
				2801B85057465F419F7CD0AB,
				BA541AF296622C27B8F7ADEF,
				47A49ED37754E8929D2B9E3C,
				FED667B2DFB1C06715C4602C,
				13FC1E704ACF6977FF97D505,
				982DDB3A8343951CF49B06A0,
				947996D8B45E0015805C0D92,
				136B305ECB4D8CAE757E2CFB,
				490DEE7255CA0D402F35F577,
				546691C40A82DAF8F239FEC5,
				AE9D43BB5E1D3E5AE8096A3F,
				9BD8DD95FAE4D82FBFE8380A,
				3342CBF5D79EE2864833C2D2,
				85EF54E0F4EA4D3248290E06,
				DB8E6A839E824EC2113FFB4C,
				DB1B744CAA973EEBE669B054,
			);
			name = "JUCE Library Code";
			sourceTree = "<group>";
		};
		6BF7901599BBBB38B6F13654 /* Products */ = {
			isa = PBXGroup;
			children = (
				FF3FBD11EE875C90C9CFE6E7,
				C8450B0D0033B75FBC204081,
				D4DC691B89BD6ED33EBEC77E,
				35149F5FAF40993B9D9C3098,
			);
			name = Products;
			sourceTree = "<group>";
		};
		9ADAE4023962CC8BF3702BA9 /* Frameworks */ = {
			isa = PBXGroup;
			children = (
				4E22129CFEBF0F6A47B3578F,
				9AC85D9AE4E0EBE04EA80471,
				946A7D1C35772DDB4C88DF98,
				ABBF066F544F68917B48A26F,
				86EB491579835A6D07642539,
				88463F1A9E39DE10879E5B79,
				BB4110B2B5C7D0E21AFD9D56,
				149CE67966190A30361F2123,
				6C4704F5D63EE26CB997393E,
				B8D3045647803A1472CCFCF6,
				A6334F0525CEC557DE56C7D1,
				8C134A1AFDD5AC8038983FA8,
				3A40347A9C3C632A54787225,
			);
			name = Frameworks;
			sourceTree = "<group>";
		};
		A1C7A4514D752BD6FFA49CA8 /* Resources */ = {
			isa = PBXGroup;
			children = (
				F27FA6C16CFECBBCDA4E530F,
				8A98FBDF9467273FD3842FF6,
				ADBB6073C5E558686441C3A2,
				15461013B2A546E6A2C20E38,
			);
			name = Resources;
			sourceTree = "<group>";
		};
		A2E781C4B1802F01DDDDEDE8 /* SIMD-Test */ = {
			isa = PBXGroup;
			children = (
				54BD4FF2DB732ED5E83D4B43,
			);
			name = "SIMD-Test";
			sourceTree = "<group>";
		};
/* End PBXGroup section */

/* Begin PBXNativeTarget section */
		1AE6F7B52717EC9BE7EB851C /* SIMD-Test - Shared Code */ = {
			isa = PBXNativeTarget;
			buildConfigurationList = 1F76ECA70D98B94FE9AC070A;
			buildPhases = (
				6261CE0000D9B8A13EFC390C,
			);
			buildRules = (
			);
			dependencies = (
			);
			name = "SIMD-Test - Shared Code";
			productName = "SIMD-Test";
			productReference = 35149F5FAF40993B9D9C3098;
			productType = "com.apple.product-type.library.static";
		};
		564EB2C8047B6CA7EE67BA48 /* SIMD-Test - Standalone Plugin */ = {
			isa = PBXNativeTarget;
			buildConfigurationList = 92039E946F01CDF419A716FC;
			buildPhases = (
				45ED5C300D767AAC8F3E61F5,
				15C2A92CD94521CE3825CDA7,
				00F17CC60F7ABD58BC370176,
			);
			buildRules = (
			);
			dependencies = (
				3FEE3A97EDE12F409E68D56B,
			);
			name = "SIMD-Test - Standalone Plugin";
			productName = "SIMD-Test";
			productReference = D4DC691B89BD6ED33EBEC77E;
			productType = "com.apple.product-type.application";
		};
		590CEB0E4F702DE8CE2A3983 /* SIMD-Test - AU */ = {
			isa = PBXNativeTarget;
			buildConfigurationList = 9818A2C861D1D6EBF8952CA7;
			buildPhases = (
				853E2513B7365377EFD9ED4E,
				E58F287BB0DB06889321FCCC,
				B52AF3005D071276BE362FB4,
				9E0516886025596FA3CFFB9B,
			);
			buildRules = (
			);
			dependencies = (
				765EEDEDD38D2CAE0630AE95,
			);
			name = "SIMD-Test - AU";
			productName = "SIMD-Test";
			productReference = C8450B0D0033B75FBC204081;
			productType = "com.apple.product-type.bundle";
		};
		72FB466340DF6093DF36A7DD /* SIMD-Test - VST3 */ = {
			isa = PBXNativeTarget;
			buildConfigurationList = BBB3B2300EC42DB966BA112A;
			buildPhases = (
				21B9DCB64A520129053AE716,
				06653DBD39F124E8E854CEC9,
				A623551FC55BFF62E4C4B324,
			);
			buildRules = (
			);
			dependencies = (
				BB9D04900F613EB4B9248376,
			);
			name = "SIMD-Test - VST3";
			productName = "SIMD-Test";
			productReference = FF3FBD11EE875C90C9CFE6E7;
			productType = "com.apple.product-type.bundle";
		};
/* End PBXNativeTarget section */

/* Begin PBXProject section */
		987543A5C77DC8B3EADF082F = {
			isa = PBXProject;
			attributes = {
				LastUpgradeCheck = 1340;
				ORGANIZATIONNAME = "Viator DSP";
				TargetAttributes = {
					1AE6F7B52717EC9BE7EB851C = {
						SystemCapabilities = {
							com.apple.ApplicationGroups.iOS = {
								enabled = 0;
							};
							com.apple.HardenedRuntime = {
								enabled = 0;
							};
							com.apple.InAppPurchase = {
								enabled = 0;
							};
							com.apple.InterAppAudio = {
								enabled = 0;
							};
							com.apple.Push = {
								enabled = 0;
							};
							com.apple.Sandbox = {
								enabled = 0;
							};
						};
					};
					564EB2C8047B6CA7EE67BA48 = {
						SystemCapabilities = {
							com.apple.ApplicationGroups.iOS = {
								enabled = 0;
							};
							com.apple.HardenedRuntime = {
								enabled = 0;
							};
							com.apple.InAppPurchase = {
								enabled = 0;
							};
							com.apple.InterAppAudio = {
								enabled = 0;
							};
							com.apple.Push = {
								enabled = 0;
							};
							com.apple.Sandbox = {
								enabled = 0;
							};
						};
					};
					590CEB0E4F702DE8CE2A3983 = {
						SystemCapabilities = {
							com.apple.ApplicationGroups.iOS = {
								enabled = 0;
							};
							com.apple.HardenedRuntime = {
								enabled = 0;
							};
							com.apple.InAppPurchase = {
								enabled = 0;
							};
							com.apple.InterAppAudio = {
								enabled = 0;
							};
							com.apple.Push = {
								enabled = 0;
							};
							com.apple.Sandbox = {
								enabled = 0;
							};
						};
					};
					72FB466340DF6093DF36A7DD = {
						SystemCapabilities = {
							com.apple.ApplicationGroups.iOS = {
								enabled = 0;
							};
							com.apple.HardenedRuntime = {
								enabled = 0;
							};
							com.apple.InAppPurchase = {
								enabled = 0;
							};
							com.apple.InterAppAudio = {
								enabled = 0;
							};
							com.apple.Push = {
								enabled = 0;
							};
							com.apple.Sandbox = {
								enabled = 0;
							};
						};
					};
					893BEE70640711CCDE337180 = {
						SystemCapabilities = {
							com.apple.ApplicationGroups.iOS = {
								enabled = 0;
							};
							com.apple.HardenedRuntime = {
								enabled = 0;
							};
							com.apple.InAppPurchase = {
								enabled = 0;
							};
							com.apple.InterAppAudio = {
								enabled = 0;
							};
							com.apple.Push = {
								enabled = 0;
							};
							com.apple.Sandbox = {
								enabled = 0;
							};
						};
					};
				};
			};
			buildConfigurationList = B3C8230BCBDFD7B76BA45F55;
			compatibilityVersion = "Xcode 3.2";
			hasScannedForEncodings = 0;
			knownRegions = (
				en,
				Base,
			);
			mainGroup = 1A6E576BBEEDFF70CA337DC9;
			projectDirPath = "";
			projectRoot = "";
			targets = (
				893BEE70640711CCDE337180,
				72FB466340DF6093DF36A7DD,
				590CEB0E4F702DE8CE2A3983,
				564EB2C8047B6CA7EE67BA48,
				1AE6F7B52717EC9BE7EB851C,
			);
		};
/* End PBXProject section */

/* Begin PBXResourcesBuildPhase section */
		21B9DCB64A520129053AE716 = {
			isa = PBXResourcesBuildPhase;
			buildActionMask = 2147483647;
			files = (
				D55F14DFDFA9786B9B8AE8D6,
			);
			runOnlyForDeploymentPostprocessing = 0;
		};
		45ED5C300D767AAC8F3E61F5 = {
			isa = PBXResourcesBuildPhase;
			buildActionMask = 2147483647;
			files = (
				D55F14DFDFA9786B9B8AE8D6,
			);
			runOnlyForDeploymentPostprocessing = 0;
		};
		853E2513B7365377EFD9ED4E = {
			isa = PBXResourcesBuildPhase;
			buildActionMask = 2147483647;
			files = (
				D55F14DFDFA9786B9B8AE8D6,
			);
			runOnlyForDeploymentPostprocessing = 0;
		};
/* End PBXResourcesBuildPhase section */

/* Begin PBXRezBuildPhase section */
		E58F287BB0DB06889321FCCC = {
			isa = PBXRezBuildPhase;
			buildActionMask = 2147483647;
			files = (
				A4A057BEFB05BAA5474E2958,
			);
			runOnlyForDeploymentPostprocessing = 0;
		};
/* End PBXRezBuildPhase section */

/* Begin PBXSourcesBuildPhase section */
		06653DBD39F124E8E854CEC9 = {
			isa = PBXSourcesBuildPhase;
			buildActionMask = 2147483647;
			files = (
				0582C8DF6DD21FD8DDB7A717,
			);
			runOnlyForDeploymentPostprocessing = 0;
		};
		15C2A92CD94521CE3825CDA7 = {
			isa = PBXSourcesBuildPhase;
			buildActionMask = 2147483647;
			files = (
				A32E00123A59644C98288E02,
			);
			runOnlyForDeploymentPostprocessing = 0;
		};
		6261CE0000D9B8A13EFC390C = {
			isa = PBXSourcesBuildPhase;
			buildActionMask = 2147483647;
			files = (
				0791024E96F90344DFA88928,
				480562E3EF59F005D9CCA6E1,
				D377EA13F3549853B266C594,
				D4293460E46C0CF236451F3A,
				C2E35016AEAF5D07A22B6C76,
				FC803A12ABAFBE311E5F4E34,
				20FE0AB41A86CC813BAF1145,
				1426C21545147A0BBC9089A9,
				B84E45E1D95235023753DDD0,
				933994F9B93977F7F5EFAEE9,
				04343AD2D1A389B6A6F7AAA4,
				31472F2B57D852276FB056DC,
				6423638DBFB8F75857D48609,
				1CEEEA0A6E874D893569A4CC,
				1B9272CFDF51C812CEACF6DF,
				6F53C08702670A7F89DACF05,
				5816FD740E5A2465A404AF61,
				AAF5B77883E8D0E68E9732D7,
				9E4A74C952A5134A174EDD71,
				2C38BF3AC0A0373276C87407,
				B0905BF8D5040B0B30F505DB,
			);
			runOnlyForDeploymentPostprocessing = 0;
		};
		B52AF3005D071276BE362FB4 = {
			isa = PBXSourcesBuildPhase;
			buildActionMask = 2147483647;
			files = (
				97F7D23B16D9E5841D11FFF1,
				3DFC4D7A824FAADCA36B55E7,
			);
			runOnlyForDeploymentPostprocessing = 0;
		};
/* End PBXSourcesBuildPhase section */

/* Begin PBXTargetDependency section */
		096B7FED26FFE14F66F38E1D = {
			isa = PBXTargetDependency;
			target = 564EB2C8047B6CA7EE67BA48;
		};
		3FEE3A97EDE12F409E68D56B = {
			isa = PBXTargetDependency;
			target = 1AE6F7B52717EC9BE7EB851C;
		};
		4C1ED796D0FECFE20D69C90C = {
			isa = PBXTargetDependency;
			target = 72FB466340DF6093DF36A7DD;
		};
		73B73C4722B67CFEE7278D91 = {
			isa = PBXTargetDependency;
			target = 1AE6F7B52717EC9BE7EB851C;
		};
		765EEDEDD38D2CAE0630AE95 = {
			isa = PBXTargetDependency;
			target = 1AE6F7B52717EC9BE7EB851C;
		};
		78781906C5B7361A54BF7B61 = {
			isa = PBXTargetDependency;
			target = 590CEB0E4F702DE8CE2A3983;
		};
		BB9D04900F613EB4B9248376 = {
			isa = PBXTargetDependency;
			target = 1AE6F7B52717EC9BE7EB851C;
		};
/* End PBXTargetDependency section */

/* Begin XCBuildConfiguration section */
		0878B0E34825F5FAEAFE72CD /* Release */ = {
			isa = XCBuildConfiguration;
			buildSettings = {
				CLANG_CXX_LANGUAGE_STANDARD = "c++14";
				CLANG_CXX_LIBRARY = "libc++";
				CLANG_LINK_OBJC_RUNTIME = NO;
				CODE_SIGN_IDENTITY = "";
				COMBINE_HIDPI_IMAGES = YES;
				CONFIGURATION_BUILD_DIR = "$(PROJECT_DIR)/build/$(CONFIGURATION)";
				DEAD_CODE_STRIPPING = YES;
				EXCLUDED_ARCHS = "";
				GCC_GENERATE_DEBUGGING_SYMBOLS = NO;
				GCC_OPTIMIZATION_LEVEL = 3;
				GCC_PREPROCESSOR_DEFINITIONS = (
					"_NDEBUG=1",
					"NDEBUG=1",
					"JUCE_DISPLAY_SPLASH_SCREEN=0",
					"JUCE_USE_DARK_SPLASH_SCREEN=1",
					"JUCE_PROJUCER_VERSION=0x70001",
					"JUCE_MODULE_AVAILABLE_juce_audio_basics=1",
					"JUCE_MODULE_AVAILABLE_juce_audio_devices=1",
					"JUCE_MODULE_AVAILABLE_juce_audio_formats=1",
					"JUCE_MODULE_AVAILABLE_juce_audio_plugin_client=1",
					"JUCE_MODULE_AVAILABLE_juce_audio_processors=1",
					"JUCE_MODULE_AVAILABLE_juce_audio_utils=1",
					"JUCE_MODULE_AVAILABLE_juce_core=1",
					"JUCE_MODULE_AVAILABLE_juce_data_structures=1",
					"JUCE_MODULE_AVAILABLE_juce_dsp=1",
					"JUCE_MODULE_AVAILABLE_juce_events=1",
					"JUCE_MODULE_AVAILABLE_juce_graphics=1",
					"JUCE_MODULE_AVAILABLE_juce_gui_basics=1",
					"JUCE_MODULE_AVAILABLE_juce_gui_extra=1",
					"JUCE_GLOBAL_MODULE_SETTINGS_INCLUDED=1",
					"JUCE_VST3_CAN_REPLACE_VST2=0",
					"JUCE_STRICT_REFCOUNTEDPOINTER=1",
					"JucePlugin_Build_VST=0",
					"JucePlugin_Build_VST3=1",
					"JucePlugin_Build_AU=1",
					"JucePlugin_Build_AUv3=0",
					"JucePlugin_Build_AAX=0",
					"JucePlugin_Build_Standalone=1",
					"JucePlugin_Build_Unity=0",
					"JucePlugin_Build_LV2=0",
					"JucePlugin_Enable_IAA=0",
					"JucePlugin_Enable_ARA=0",
					"JucePlugin_Name=\\\"SIMD-Test\\\"",
					"JucePlugin_Desc=\\\"SIMD-Test\\\"",
					"JucePlugin_Manufacturer=\\\"Viator\\ DSP\\\"",
					"JucePlugin_ManufacturerWebsite=\\\"www.ViatorDSP.com\\\"",
					"JucePlugin_ManufacturerEmail=\\\"\\\"",
					"JucePlugin_ManufacturerCode=0x4d616e75",
					"JucePlugin_PluginCode=0x59627964",
					"JucePlugin_IsSynth=0",
					"JucePlugin_WantsMidiInput=0",
					"JucePlugin_ProducesMidiOutput=0",
					"JucePlugin_IsMidiEffect=0",
					"JucePlugin_EditorRequiresKeyboardFocus=0",
					"JucePlugin_Version=1.0.0",
					"JucePlugin_VersionCode=0x10000",
					"JucePlugin_VersionString=\\\"1.0.0\\\"",
					"JucePlugin_VSTUniqueID=JucePlugin_PluginCode",
					"JucePlugin_VSTCategory=kPlugCategEffect",
					"JucePlugin_Vst3Category=\\\"Fx\\\"",
					"JucePlugin_AUMainType=\\'aufx\\'",
					"JucePlugin_AUSubType=JucePlugin_PluginCode",
					"JucePlugin_AUExportPrefix=SIMDTestAU",
					"JucePlugin_AUExportPrefixQuoted=\\\"SIMDTestAU\\\"",
					"JucePlugin_AUManufacturerCode=JucePlugin_ManufacturerCode",
					"JucePlugin_CFBundleIdentifier=com.ViatorDSP.SIMDTest",
					"JucePlugin_AAXIdentifier=com.ViatorDSP.SIMDTest",
					"JucePlugin_AAXManufacturerCode=JucePlugin_ManufacturerCode",
					"JucePlugin_AAXProductId=JucePlugin_PluginCode",
					"JucePlugin_AAXCategory=0",
					"JucePlugin_AAXDisableBypass=0",
					"JucePlugin_AAXDisableMultiMono=0",
					"JucePlugin_IAAType=0x61757278",
					"JucePlugin_IAASubType=JucePlugin_PluginCode",
					"JucePlugin_IAAName=\\\"Viator\\ DSP:\\ SIMD-Test\\\"",
					"JucePlugin_VSTNumMidiInputs=16",
					"JucePlugin_VSTNumMidiOutputs=16",
					"JucePlugin_ARAContentTypes=0",
					"JucePlugin_ARATransformationFlags=0",
					"JucePlugin_ARAFactoryID=\\\"com.ViatorDSP.SIMDTest.factory\\\"",
					"JucePlugin_ARADocumentArchiveID=\\\"com.ViatorDSP.SIMDTest.aradocumentarchive.1.0.0\\\"",
					"JucePlugin_ARACompatibleArchiveIDs=\\\"\\\"",
					"JUCE_STANDALONE_APPLICATION=JucePlugin_Build_Standalone",
					"JUCER_XCODE_MAC_F6D2F4CF=1",
					"JUCE_APP_VERSION=1.0.0",
					"JUCE_APP_VERSION_HEX=0x10000",
					"JUCE_SHARED_CODE=1",
				);
				GCC_VERSION = com.apple.compilers.llvm.clang.1_0;
				HEADER_SEARCH_PATHS = (
					"\"/Volumes/Land00m 1/GitHub/JT-16/modules/JUCE/modules/juce_audio_processors/format_types/VST3_SDK\"",
					"$(SRCROOT)/../../JuceLibraryCode",
					"\"/Volumes/Land00m 1/GitHub/JT-16/modules/JUCE/modules\"",
					"\"/Volumes/Land00m 1/GitHub/JT-16/modules/JUCE/modules/juce_audio_plugin_client\"",
					"$(inherited)",
				);
				INSTALL_PATH = "@executable_path/../Frameworks";
				LLVM_LTO = YES;
				MACOSX_DEPLOYMENT_TARGET = 10.11;
				MTL_HEADER_SEARCH_PATHS = "\"/Volumes/Land00m 1/GitHub/JT-16/modules/JUCE/modules/juce_audio_processors/format_types/VST3_SDK\" $(SRCROOT)/../../JuceLibraryCode \"/Volumes/Land00m 1/GitHub/JT-16/modules/JUCE/modules\" \"/Volumes/Land00m 1/GitHub/JT-16/modules/JUCE/modules/juce_audio_plugin_client\"";
				PRODUCT_BUNDLE_IDENTIFIER = com.ViatorDSP.SIMDTest;
				PRODUCT_NAME = "SIMD-Test";
				SKIP_INSTALL = YES;
				USE_HEADERMAP = NO;
				VALID_ARCHS = "i386 x86_64 arm64 arm64e";
			};
			name = Release;
		};
		189A1A5024EB9CD5B73F0C8E /* Debug */ = {
			isa = XCBuildConfiguration;
			buildSettings = {
				ALWAYS_SEARCH_USER_PATHS = NO;
				CLANG_ENABLE_OBJC_WEAK = YES;
				CLANG_WARN_BLOCK_CAPTURE_AUTORELEASING = YES;
				CLANG_WARN_BOOL_CONVERSION = YES;
				CLANG_WARN_COMMA = YES;
				CLANG_WARN_CONSTANT_CONVERSION = YES;
				CLANG_WARN_DEPRECATED_OBJC_IMPLEMENTATIONS = YES;
				CLANG_WARN_EMPTY_BODY = YES;
				CLANG_WARN_ENUM_CONVERSION = YES;
				CLANG_WARN_INFINITE_RECURSION = YES;
				CLANG_WARN_INT_CONVERSION = YES;
				CLANG_WARN_NON_LITERAL_NULL_CONVERSION = YES;
				CLANG_WARN_OBJC_IMPLICIT_RETAIN_SELF = YES;
				CLANG_WARN_OBJC_LITERAL_CONVERSION = YES;
				CLANG_WARN_RANGE_LOOP_ANALYSIS = YES;
				CLANG_WARN_STRICT_PROTOTYPES = YES;
				CLANG_WARN_SUSPICIOUS_MOVE = YES;
				CLANG_WARN_UNREACHABLE_CODE = YES;
				CLANG_WARN__DUPLICATE_METHOD_MATCH = YES;
				CODE_SIGN_IDENTITY = "";
				DEBUG_INFORMATION_FORMAT = dwarf;
				ENABLE_STRICT_OBJC_MSGSEND = YES;
				ENABLE_TESTABILITY = NO;
				GCC_C_LANGUAGE_STANDARD = c11;
				GCC_INLINES_ARE_PRIVATE_EXTERN = YES;
				GCC_MODEL_TUNING = G5;
				GCC_NO_COMMON_BLOCKS = YES;
				GCC_SYMBOLS_PRIVATE_EXTERN = YES;
				GCC_WARN_64_TO_32_BIT_CONVERSION = YES;
				GCC_WARN_ABOUT_RETURN_TYPE = YES;
				GCC_WARN_CHECK_SWITCH_STATEMENTS = YES;
				GCC_WARN_MISSING_PARENTHESES = YES;
				GCC_WARN_NON_VIRTUAL_DESTRUCTOR = YES;
				GCC_WARN_TYPECHECK_CALLS_TO_PRINTF = YES;
				GCC_WARN_UNDECLARED_SELECTOR = YES;
				GCC_WARN_UNINITIALIZED_AUTOS = YES;
				GCC_WARN_UNUSED_FUNCTION = YES;
				GCC_WARN_UNUSED_VARIABLE = YES;
				ONLY_ACTIVE_ARCH = YES;
				PRODUCT_NAME = "SIMD-Test";
				SDKROOT = macosx;
				WARNING_CFLAGS = "-Wreorder";
				ZERO_LINK = NO;
			};
			name = Debug;
		};
		38E52E9D637B209EA26E8B6E /* Debug */ = {
			isa = XCBuildConfiguration;
			buildSettings = {
				CLANG_CXX_LANGUAGE_STANDARD = "c++14";
				CLANG_CXX_LIBRARY = "libc++";
				CLANG_LINK_OBJC_RUNTIME = NO;
				CODE_SIGN_IDENTITY = "";
				COMBINE_HIDPI_IMAGES = YES;
				CONFIGURATION_BUILD_DIR = "$(PROJECT_DIR)/build/$(CONFIGURATION)";
				COPY_PHASE_STRIP = NO;
				EXCLUDED_ARCHS = "";
				GCC_DYNAMIC_NO_PIC = NO;
				GCC_OPTIMIZATION_LEVEL = 0;
				GCC_PREPROCESSOR_DEFINITIONS = (
					"_DEBUG=1",
					"DEBUG=1",
					"JUCE_DISPLAY_SPLASH_SCREEN=0",
					"JUCE_USE_DARK_SPLASH_SCREEN=1",
					"JUCE_PROJUCER_VERSION=0x70001",
					"JUCE_MODULE_AVAILABLE_juce_audio_basics=1",
					"JUCE_MODULE_AVAILABLE_juce_audio_devices=1",
					"JUCE_MODULE_AVAILABLE_juce_audio_formats=1",
					"JUCE_MODULE_AVAILABLE_juce_audio_plugin_client=1",
					"JUCE_MODULE_AVAILABLE_juce_audio_processors=1",
					"JUCE_MODULE_AVAILABLE_juce_audio_utils=1",
					"JUCE_MODULE_AVAILABLE_juce_core=1",
					"JUCE_MODULE_AVAILABLE_juce_data_structures=1",
					"JUCE_MODULE_AVAILABLE_juce_dsp=1",
					"JUCE_MODULE_AVAILABLE_juce_events=1",
					"JUCE_MODULE_AVAILABLE_juce_graphics=1",
					"JUCE_MODULE_AVAILABLE_juce_gui_basics=1",
					"JUCE_MODULE_AVAILABLE_juce_gui_extra=1",
					"JUCE_GLOBAL_MODULE_SETTINGS_INCLUDED=1",
					"JUCE_VST3_CAN_REPLACE_VST2=0",
					"JUCE_STRICT_REFCOUNTEDPOINTER=1",
					"JucePlugin_Build_VST=0",
					"JucePlugin_Build_VST3=0",
					"JucePlugin_Build_AU=0",
					"JucePlugin_Build_AUv3=0",
					"JucePlugin_Build_AAX=0",
					"JucePlugin_Build_Standalone=1",
					"JucePlugin_Build_Unity=0",
					"JucePlugin_Build_LV2=0",
					"JucePlugin_Enable_IAA=0",
					"JucePlugin_Enable_ARA=0",
					"JucePlugin_Name=\\\"SIMD-Test\\\"",
					"JucePlugin_Desc=\\\"SIMD-Test\\\"",
					"JucePlugin_Manufacturer=\\\"Viator\\ DSP\\\"",
					"JucePlugin_ManufacturerWebsite=\\\"www.ViatorDSP.com\\\"",
					"JucePlugin_ManufacturerEmail=\\\"\\\"",
					"JucePlugin_ManufacturerCode=0x4d616e75",
					"JucePlugin_PluginCode=0x59627964",
					"JucePlugin_IsSynth=0",
					"JucePlugin_WantsMidiInput=0",
					"JucePlugin_ProducesMidiOutput=0",
					"JucePlugin_IsMidiEffect=0",
					"JucePlugin_EditorRequiresKeyboardFocus=0",
					"JucePlugin_Version=1.0.0",
					"JucePlugin_VersionCode=0x10000",
					"JucePlugin_VersionString=\\\"1.0.0\\\"",
					"JucePlugin_VSTUniqueID=JucePlugin_PluginCode",
					"JucePlugin_VSTCategory=kPlugCategEffect",
					"JucePlugin_Vst3Category=\\\"Fx\\\"",
					"JucePlugin_AUMainType=\\'aufx\\'",
					"JucePlugin_AUSubType=JucePlugin_PluginCode",
					"JucePlugin_AUExportPrefix=SIMDTestAU",
					"JucePlugin_AUExportPrefixQuoted=\\\"SIMDTestAU\\\"",
					"JucePlugin_AUManufacturerCode=JucePlugin_ManufacturerCode",
					"JucePlugin_CFBundleIdentifier=com.ViatorDSP.SIMDTest",
					"JucePlugin_AAXIdentifier=com.ViatorDSP.SIMDTest",
					"JucePlugin_AAXManufacturerCode=JucePlugin_ManufacturerCode",
					"JucePlugin_AAXProductId=JucePlugin_PluginCode",
					"JucePlugin_AAXCategory=0",
					"JucePlugin_AAXDisableBypass=0",
					"JucePlugin_AAXDisableMultiMono=0",
					"JucePlugin_IAAType=0x61757278",
					"JucePlugin_IAASubType=JucePlugin_PluginCode",
					"JucePlugin_IAAName=\\\"Viator\\ DSP:\\ SIMD-Test\\\"",
					"JucePlugin_VSTNumMidiInputs=16",
					"JucePlugin_VSTNumMidiOutputs=16",
					"JucePlugin_ARAContentTypes=0",
					"JucePlugin_ARATransformationFlags=0",
					"JucePlugin_ARAFactoryID=\\\"com.ViatorDSP.SIMDTest.factory\\\"",
					"JucePlugin_ARADocumentArchiveID=\\\"com.ViatorDSP.SIMDTest.aradocumentarchive.1.0.0\\\"",
					"JucePlugin_ARACompatibleArchiveIDs=\\\"\\\"",
					"JUCE_STANDALONE_APPLICATION=JucePlugin_Build_Standalone",
					"JUCER_XCODE_MAC_F6D2F4CF=1",
					"JUCE_APP_VERSION=1.0.0",
					"JUCE_APP_VERSION_HEX=0x10000",
				);
				GCC_VERSION = com.apple.compilers.llvm.clang.1_0;
				HEADER_SEARCH_PATHS = (
					"\"/Volumes/Land00m 1/GitHub/JT-16/modules/JUCE/modules/juce_audio_processors/format_types/VST3_SDK\"",
					"$(SRCROOT)/../../JuceLibraryCode",
					"\"/Volumes/Land00m 1/GitHub/JT-16/modules/JUCE/modules\"",
					"\"/Volumes/Land00m 1/GitHub/JT-16/modules/JUCE/modules/juce_audio_plugin_client\"",
					"$(inherited)",
				);
				INFOPLIST_FILE = Info-Standalone_Plugin.plist;
				INFOPLIST_PREPROCESS = NO;
				MACOSX_DEPLOYMENT_TARGET = 10.11;
				MTL_HEADER_SEARCH_PATHS = "\"/Volumes/Land00m 1/GitHub/JT-16/modules/JUCE/modules/juce_audio_processors/format_types/VST3_SDK\" $(SRCROOT)/../../JuceLibraryCode \"/Volumes/Land00m 1/GitHub/JT-16/modules/JUCE/modules\" \"/Volumes/Land00m 1/GitHub/JT-16/modules/JUCE/modules/juce_audio_plugin_client\"";
				OTHER_LDFLAGS = "-lSIMD-Test";
				PRODUCT_BUNDLE_IDENTIFIER = com.ViatorDSP.SIMDTest;
				PRODUCT_NAME = "SIMD-Test";
				USE_HEADERMAP = NO;
				VALID_ARCHS = "i386 x86_64 arm64 arm64e";
			};
			name = Debug;
		};
		66FFFF65BF6725C02472045C /* Release */ = {
			isa = XCBuildConfiguration;
			buildSettings = {
				CLANG_CXX_LANGUAGE_STANDARD = "c++14";
				CLANG_CXX_LIBRARY = "libc++";
				CLANG_LINK_OBJC_RUNTIME = NO;
				CODE_SIGN_IDENTITY = "";
				COMBINE_HIDPI_IMAGES = YES;
				CONFIGURATION_BUILD_DIR = "$(PROJECT_DIR)/build/$(CONFIGURATION)";
				DEAD_CODE_STRIPPING = YES;
				DEPLOYMENT_LOCATION = YES;
				DSTROOT = /;
				EXCLUDED_ARCHS = "";
				GCC_GENERATE_DEBUGGING_SYMBOLS = NO;
				GCC_OPTIMIZATION_LEVEL = 3;
				GCC_PREPROCESSOR_DEFINITIONS = (
					"_NDEBUG=1",
					"NDEBUG=1",
					"JUCE_DISPLAY_SPLASH_SCREEN=0",
					"JUCE_USE_DARK_SPLASH_SCREEN=1",
					"JUCE_PROJUCER_VERSION=0x70001",
					"JUCE_MODULE_AVAILABLE_juce_audio_basics=1",
					"JUCE_MODULE_AVAILABLE_juce_audio_devices=1",
					"JUCE_MODULE_AVAILABLE_juce_audio_formats=1",
					"JUCE_MODULE_AVAILABLE_juce_audio_plugin_client=1",
					"JUCE_MODULE_AVAILABLE_juce_audio_processors=1",
					"JUCE_MODULE_AVAILABLE_juce_audio_utils=1",
					"JUCE_MODULE_AVAILABLE_juce_core=1",
					"JUCE_MODULE_AVAILABLE_juce_data_structures=1",
					"JUCE_MODULE_AVAILABLE_juce_dsp=1",
					"JUCE_MODULE_AVAILABLE_juce_events=1",
					"JUCE_MODULE_AVAILABLE_juce_graphics=1",
					"JUCE_MODULE_AVAILABLE_juce_gui_basics=1",
					"JUCE_MODULE_AVAILABLE_juce_gui_extra=1",
					"JUCE_GLOBAL_MODULE_SETTINGS_INCLUDED=1",
					"JUCE_VST3_CAN_REPLACE_VST2=0",
					"JUCE_STRICT_REFCOUNTEDPOINTER=1",
					"JucePlugin_Build_VST=0",
					"JucePlugin_Build_VST3=1",
					"JucePlugin_Build_AU=0",
					"JucePlugin_Build_AUv3=0",
					"JucePlugin_Build_AAX=0",
					"JucePlugin_Build_Standalone=0",
					"JucePlugin_Build_Unity=0",
					"JucePlugin_Build_LV2=0",
					"JucePlugin_Enable_IAA=0",
					"JucePlugin_Enable_ARA=0",
					"JucePlugin_Name=\\\"SIMD-Test\\\"",
					"JucePlugin_Desc=\\\"SIMD-Test\\\"",
					"JucePlugin_Manufacturer=\\\"Viator\\ DSP\\\"",
					"JucePlugin_ManufacturerWebsite=\\\"www.ViatorDSP.com\\\"",
					"JucePlugin_ManufacturerEmail=\\\"\\\"",
					"JucePlugin_ManufacturerCode=0x4d616e75",
					"JucePlugin_PluginCode=0x59627964",
					"JucePlugin_IsSynth=0",
					"JucePlugin_WantsMidiInput=0",
					"JucePlugin_ProducesMidiOutput=0",
					"JucePlugin_IsMidiEffect=0",
					"JucePlugin_EditorRequiresKeyboardFocus=0",
					"JucePlugin_Version=1.0.0",
					"JucePlugin_VersionCode=0x10000",
					"JucePlugin_VersionString=\\\"1.0.0\\\"",
					"JucePlugin_VSTUniqueID=JucePlugin_PluginCode",
					"JucePlugin_VSTCategory=kPlugCategEffect",
					"JucePlugin_Vst3Category=\\\"Fx\\\"",
					"JucePlugin_AUMainType=\\'aufx\\'",
					"JucePlugin_AUSubType=JucePlugin_PluginCode",
					"JucePlugin_AUExportPrefix=SIMDTestAU",
					"JucePlugin_AUExportPrefixQuoted=\\\"SIMDTestAU\\\"",
					"JucePlugin_AUManufacturerCode=JucePlugin_ManufacturerCode",
					"JucePlugin_CFBundleIdentifier=com.ViatorDSP.SIMDTest",
					"JucePlugin_AAXIdentifier=com.ViatorDSP.SIMDTest",
					"JucePlugin_AAXManufacturerCode=JucePlugin_ManufacturerCode",
					"JucePlugin_AAXProductId=JucePlugin_PluginCode",
					"JucePlugin_AAXCategory=0",
					"JucePlugin_AAXDisableBypass=0",
					"JucePlugin_AAXDisableMultiMono=0",
					"JucePlugin_IAAType=0x61757278",
					"JucePlugin_IAASubType=JucePlugin_PluginCode",
					"JucePlugin_IAAName=\\\"Viator\\ DSP:\\ SIMD-Test\\\"",
					"JucePlugin_VSTNumMidiInputs=16",
					"JucePlugin_VSTNumMidiOutputs=16",
					"JucePlugin_ARAContentTypes=0",
					"JucePlugin_ARATransformationFlags=0",
					"JucePlugin_ARAFactoryID=\\\"com.ViatorDSP.SIMDTest.factory\\\"",
					"JucePlugin_ARADocumentArchiveID=\\\"com.ViatorDSP.SIMDTest.aradocumentarchive.1.0.0\\\"",
					"JucePlugin_ARACompatibleArchiveIDs=\\\"\\\"",
					"JUCE_STANDALONE_APPLICATION=JucePlugin_Build_Standalone",
					"JUCER_XCODE_MAC_F6D2F4CF=1",
					"JUCE_APP_VERSION=1.0.0",
					"JUCE_APP_VERSION_HEX=0x10000",
				);
				GCC_VERSION = com.apple.compilers.llvm.clang.1_0;
				GENERATE_PKGINFO_FILE = YES;
				HEADER_SEARCH_PATHS = (
					"\"/Volumes/Land00m 1/GitHub/JT-16/modules/JUCE/modules/juce_audio_processors/format_types/VST3_SDK\"",
					"$(SRCROOT)/../../JuceLibraryCode",
					"\"/Volumes/Land00m 1/GitHub/JT-16/modules/JUCE/modules\"",
					"\"/Volumes/Land00m 1/GitHub/JT-16/modules/JUCE/modules/juce_audio_plugin_client\"",
					"$(inherited)",
				);
				INFOPLIST_FILE = Info-VST3.plist;
				INFOPLIST_PREPROCESS = NO;
				INSTALL_PATH = "$(HOME)/Library/Audio/Plug-Ins/VST3/";
				LIBRARY_STYLE = Bundle;
				LLVM_LTO = YES;
				MACOSX_DEPLOYMENT_TARGET = 10.11;
				MTL_HEADER_SEARCH_PATHS = "\"/Volumes/Land00m 1/GitHub/JT-16/modules/JUCE/modules/juce_audio_processors/format_types/VST3_SDK\" $(SRCROOT)/../../JuceLibraryCode \"/Volumes/Land00m 1/GitHub/JT-16/modules/JUCE/modules\" \"/Volumes/Land00m 1/GitHub/JT-16/modules/JUCE/modules/juce_audio_plugin_client\"";
				OTHER_LDFLAGS = "-bundle -lSIMD-Test";
				PRODUCT_BUNDLE_IDENTIFIER = com.ViatorDSP.SIMDTest;
				PRODUCT_NAME = "SIMD-Test";
				USE_HEADERMAP = NO;
				VALID_ARCHS = "i386 x86_64 arm64 arm64e";
				WRAPPER_EXTENSION = vst3;
			};
			name = Release;
		};
		730D45A7B7DBE35A50253B8D /* Debug */ = {
			isa = XCBuildConfiguration;
			buildSettings = {
				CLANG_CXX_LANGUAGE_STANDARD = "c++14";
				CLANG_CXX_LIBRARY = "libc++";
				CLANG_LINK_OBJC_RUNTIME = NO;
				CODE_SIGN_IDENTITY = "";
				COMBINE_HIDPI_IMAGES = YES;
				CONFIGURATION_BUILD_DIR = "$(PROJECT_DIR)/build/$(CONFIGURATION)";
				COPY_PHASE_STRIP = NO;
				DEPLOYMENT_LOCATION = YES;
				DSTROOT = /;
				EXCLUDED_ARCHS = "";
				GCC_DYNAMIC_NO_PIC = NO;
				GCC_OPTIMIZATION_LEVEL = 0;
				GCC_PREPROCESSOR_DEFINITIONS = (
					"_DEBUG=1",
					"DEBUG=1",
					"JUCE_DISPLAY_SPLASH_SCREEN=0",
					"JUCE_USE_DARK_SPLASH_SCREEN=1",
					"JUCE_PROJUCER_VERSION=0x70001",
					"JUCE_MODULE_AVAILABLE_juce_audio_basics=1",
					"JUCE_MODULE_AVAILABLE_juce_audio_devices=1",
					"JUCE_MODULE_AVAILABLE_juce_audio_formats=1",
					"JUCE_MODULE_AVAILABLE_juce_audio_plugin_client=1",
					"JUCE_MODULE_AVAILABLE_juce_audio_processors=1",
					"JUCE_MODULE_AVAILABLE_juce_audio_utils=1",
					"JUCE_MODULE_AVAILABLE_juce_core=1",
					"JUCE_MODULE_AVAILABLE_juce_data_structures=1",
					"JUCE_MODULE_AVAILABLE_juce_dsp=1",
					"JUCE_MODULE_AVAILABLE_juce_events=1",
					"JUCE_MODULE_AVAILABLE_juce_graphics=1",
					"JUCE_MODULE_AVAILABLE_juce_gui_basics=1",
					"JUCE_MODULE_AVAILABLE_juce_gui_extra=1",
					"JUCE_GLOBAL_MODULE_SETTINGS_INCLUDED=1",
					"JUCE_VST3_CAN_REPLACE_VST2=0",
					"JUCE_STRICT_REFCOUNTEDPOINTER=1",
					"JucePlugin_Build_VST=0",
					"JucePlugin_Build_VST3=1",
					"JucePlugin_Build_AU=0",
					"JucePlugin_Build_AUv3=0",
					"JucePlugin_Build_AAX=0",
					"JucePlugin_Build_Standalone=0",
					"JucePlugin_Build_Unity=0",
					"JucePlugin_Build_LV2=0",
					"JucePlugin_Enable_IAA=0",
					"JucePlugin_Enable_ARA=0",
					"JucePlugin_Name=\\\"SIMD-Test\\\"",
					"JucePlugin_Desc=\\\"SIMD-Test\\\"",
					"JucePlugin_Manufacturer=\\\"Viator\\ DSP\\\"",
					"JucePlugin_ManufacturerWebsite=\\\"www.ViatorDSP.com\\\"",
					"JucePlugin_ManufacturerEmail=\\\"\\\"",
					"JucePlugin_ManufacturerCode=0x4d616e75",
					"JucePlugin_PluginCode=0x59627964",
					"JucePlugin_IsSynth=0",
					"JucePlugin_WantsMidiInput=0",
					"JucePlugin_ProducesMidiOutput=0",
					"JucePlugin_IsMidiEffect=0",
					"JucePlugin_EditorRequiresKeyboardFocus=0",
					"JucePlugin_Version=1.0.0",
					"JucePlugin_VersionCode=0x10000",
					"JucePlugin_VersionString=\\\"1.0.0\\\"",
					"JucePlugin_VSTUniqueID=JucePlugin_PluginCode",
					"JucePlugin_VSTCategory=kPlugCategEffect",
					"JucePlugin_Vst3Category=\\\"Fx\\\"",
					"JucePlugin_AUMainType=\\'aufx\\'",
					"JucePlugin_AUSubType=JucePlugin_PluginCode",
					"JucePlugin_AUExportPrefix=SIMDTestAU",
					"JucePlugin_AUExportPrefixQuoted=\\\"SIMDTestAU\\\"",
					"JucePlugin_AUManufacturerCode=JucePlugin_ManufacturerCode",
					"JucePlugin_CFBundleIdentifier=com.ViatorDSP.SIMDTest",
					"JucePlugin_AAXIdentifier=com.ViatorDSP.SIMDTest",
					"JucePlugin_AAXManufacturerCode=JucePlugin_ManufacturerCode",
					"JucePlugin_AAXProductId=JucePlugin_PluginCode",
					"JucePlugin_AAXCategory=0",
					"JucePlugin_AAXDisableBypass=0",
					"JucePlugin_AAXDisableMultiMono=0",
					"JucePlugin_IAAType=0x61757278",
					"JucePlugin_IAASubType=JucePlugin_PluginCode",
					"JucePlugin_IAAName=\\\"Viator\\ DSP:\\ SIMD-Test\\\"",
					"JucePlugin_VSTNumMidiInputs=16",
					"JucePlugin_VSTNumMidiOutputs=16",
					"JucePlugin_ARAContentTypes=0",
					"JucePlugin_ARATransformationFlags=0",
					"JucePlugin_ARAFactoryID=\\\"com.ViatorDSP.SIMDTest.factory\\\"",
					"JucePlugin_ARADocumentArchiveID=\\\"com.ViatorDSP.SIMDTest.aradocumentarchive.1.0.0\\\"",
					"JucePlugin_ARACompatibleArchiveIDs=\\\"\\\"",
					"JUCE_STANDALONE_APPLICATION=JucePlugin_Build_Standalone",
					"JUCER_XCODE_MAC_F6D2F4CF=1",
					"JUCE_APP_VERSION=1.0.0",
					"JUCE_APP_VERSION_HEX=0x10000",
				);
				GCC_VERSION = com.apple.compilers.llvm.clang.1_0;
				GENERATE_PKGINFO_FILE = YES;
				HEADER_SEARCH_PATHS = (
					"\"/Volumes/Land00m 1/GitHub/JT-16/modules/JUCE/modules/juce_audio_processors/format_types/VST3_SDK\"",
					"$(SRCROOT)/../../JuceLibraryCode",
					"\"/Volumes/Land00m 1/GitHub/JT-16/modules/JUCE/modules\"",
					"\"/Volumes/Land00m 1/GitHub/JT-16/modules/JUCE/modules/juce_audio_plugin_client\"",
					"$(inherited)",
				);
				INFOPLIST_FILE = Info-VST3.plist;
				INFOPLIST_PREPROCESS = NO;
				INSTALL_PATH = "$(HOME)/Library/Audio/Plug-Ins/VST3/";
				LIBRARY_STYLE = Bundle;
				MACOSX_DEPLOYMENT_TARGET = 10.11;
				MTL_HEADER_SEARCH_PATHS = "\"/Volumes/Land00m 1/GitHub/JT-16/modules/JUCE/modules/juce_audio_processors/format_types/VST3_SDK\" $(SRCROOT)/../../JuceLibraryCode \"/Volumes/Land00m 1/GitHub/JT-16/modules/JUCE/modules\" \"/Volumes/Land00m 1/GitHub/JT-16/modules/JUCE/modules/juce_audio_plugin_client\"";
				OTHER_LDFLAGS = "-bundle -lSIMD-Test";
				PRODUCT_BUNDLE_IDENTIFIER = com.ViatorDSP.SIMDTest;
				PRODUCT_NAME = "SIMD-Test";
				USE_HEADERMAP = NO;
				VALID_ARCHS = "i386 x86_64 arm64 arm64e";
				WRAPPER_EXTENSION = vst3;
			};
			name = Debug;
		};
		7526815CE078A5D4C9F46E90 /* Release */ = {
			isa = XCBuildConfiguration;
			buildSettings = {
				CLANG_CXX_LANGUAGE_STANDARD = "c++14";
				CLANG_CXX_LIBRARY = "libc++";
				CLANG_LINK_OBJC_RUNTIME = NO;
				CODE_SIGN_IDENTITY = "";
				COMBINE_HIDPI_IMAGES = YES;
				CONFIGURATION_BUILD_DIR = "$(PROJECT_DIR)/build/$(CONFIGURATION)";
				DEAD_CODE_STRIPPING = YES;
				DEPLOYMENT_LOCATION = YES;
				DSTROOT = /;
				EXCLUDED_ARCHS = "";
				GCC_GENERATE_DEBUGGING_SYMBOLS = NO;
				GCC_OPTIMIZATION_LEVEL = 3;
				GCC_PREPROCESSOR_DEFINITIONS = (
					"_NDEBUG=1",
					"NDEBUG=1",
					"JUCE_DISPLAY_SPLASH_SCREEN=0",
					"JUCE_USE_DARK_SPLASH_SCREEN=1",
					"JUCE_PROJUCER_VERSION=0x70001",
					"JUCE_MODULE_AVAILABLE_juce_audio_basics=1",
					"JUCE_MODULE_AVAILABLE_juce_audio_devices=1",
					"JUCE_MODULE_AVAILABLE_juce_audio_formats=1",
					"JUCE_MODULE_AVAILABLE_juce_audio_plugin_client=1",
					"JUCE_MODULE_AVAILABLE_juce_audio_processors=1",
					"JUCE_MODULE_AVAILABLE_juce_audio_utils=1",
					"JUCE_MODULE_AVAILABLE_juce_core=1",
					"JUCE_MODULE_AVAILABLE_juce_data_structures=1",
					"JUCE_MODULE_AVAILABLE_juce_dsp=1",
					"JUCE_MODULE_AVAILABLE_juce_events=1",
					"JUCE_MODULE_AVAILABLE_juce_graphics=1",
					"JUCE_MODULE_AVAILABLE_juce_gui_basics=1",
					"JUCE_MODULE_AVAILABLE_juce_gui_extra=1",
					"JUCE_GLOBAL_MODULE_SETTINGS_INCLUDED=1",
					"JUCE_VST3_CAN_REPLACE_VST2=0",
					"JUCE_STRICT_REFCOUNTEDPOINTER=1",
					"JucePlugin_Build_VST=0",
					"JucePlugin_Build_VST3=0",
					"JucePlugin_Build_AU=1",
					"JucePlugin_Build_AUv3=0",
					"JucePlugin_Build_AAX=0",
					"JucePlugin_Build_Standalone=0",
					"JucePlugin_Build_Unity=0",
					"JucePlugin_Build_LV2=0",
					"JucePlugin_Enable_IAA=0",
					"JucePlugin_Enable_ARA=0",
					"JucePlugin_Name=\\\"SIMD-Test\\\"",
					"JucePlugin_Desc=\\\"SIMD-Test\\\"",
					"JucePlugin_Manufacturer=\\\"Viator\\ DSP\\\"",
					"JucePlugin_ManufacturerWebsite=\\\"www.ViatorDSP.com\\\"",
					"JucePlugin_ManufacturerEmail=\\\"\\\"",
					"JucePlugin_ManufacturerCode=0x4d616e75",
					"JucePlugin_PluginCode=0x59627964",
					"JucePlugin_IsSynth=0",
					"JucePlugin_WantsMidiInput=0",
					"JucePlugin_ProducesMidiOutput=0",
					"JucePlugin_IsMidiEffect=0",
					"JucePlugin_EditorRequiresKeyboardFocus=0",
					"JucePlugin_Version=1.0.0",
					"JucePlugin_VersionCode=0x10000",
					"JucePlugin_VersionString=\\\"1.0.0\\\"",
					"JucePlugin_VSTUniqueID=JucePlugin_PluginCode",
					"JucePlugin_VSTCategory=kPlugCategEffect",
					"JucePlugin_Vst3Category=\\\"Fx\\\"",
					"JucePlugin_AUMainType=\\'aufx\\'",
					"JucePlugin_AUSubType=JucePlugin_PluginCode",
					"JucePlugin_AUExportPrefix=SIMDTestAU",
					"JucePlugin_AUExportPrefixQuoted=\\\"SIMDTestAU\\\"",
					"JucePlugin_AUManufacturerCode=JucePlugin_ManufacturerCode",
					"JucePlugin_CFBundleIdentifier=com.ViatorDSP.SIMDTest",
					"JucePlugin_AAXIdentifier=com.ViatorDSP.SIMDTest",
					"JucePlugin_AAXManufacturerCode=JucePlugin_ManufacturerCode",
					"JucePlugin_AAXProductId=JucePlugin_PluginCode",
					"JucePlugin_AAXCategory=0",
					"JucePlugin_AAXDisableBypass=0",
					"JucePlugin_AAXDisableMultiMono=0",
					"JucePlugin_IAAType=0x61757278",
					"JucePlugin_IAASubType=JucePlugin_PluginCode",
					"JucePlugin_IAAName=\\\"Viator\\ DSP:\\ SIMD-Test\\\"",
					"JucePlugin_VSTNumMidiInputs=16",
					"JucePlugin_VSTNumMidiOutputs=16",
					"JucePlugin_ARAContentTypes=0",
					"JucePlugin_ARATransformationFlags=0",
					"JucePlugin_ARAFactoryID=\\\"com.ViatorDSP.SIMDTest.factory\\\"",
					"JucePlugin_ARADocumentArchiveID=\\\"com.ViatorDSP.SIMDTest.aradocumentarchive.1.0.0\\\"",
					"JucePlugin_ARACompatibleArchiveIDs=\\\"\\\"",
					"JUCE_STANDALONE_APPLICATION=JucePlugin_Build_Standalone",
					"JUCER_XCODE_MAC_F6D2F4CF=1",
					"JUCE_APP_VERSION=1.0.0",
					"JUCE_APP_VERSION_HEX=0x10000",
				);
				GCC_VERSION = com.apple.compilers.llvm.clang.1_0;
				GENERATE_PKGINFO_FILE = YES;
				HEADER_SEARCH_PATHS = (
					"\"/Volumes/Land00m 1/GitHub/JT-16/modules/JUCE/modules/juce_audio_processors/format_types/VST3_SDK\"",
					"$(SRCROOT)/../../JuceLibraryCode",
					"\"/Volumes/Land00m 1/GitHub/JT-16/modules/JUCE/modules\"",
					"\"/Volumes/Land00m 1/GitHub/JT-16/modules/JUCE/modules/juce_audio_plugin_client\"",
					"$(inherited)",
				);
				INFOPLIST_FILE = Info-AU.plist;
				INFOPLIST_PREPROCESS = NO;
				INSTALL_PATH = "$(HOME)/Library/Audio/Plug-Ins/Components/";
				LIBRARY_STYLE = Bundle;
				LLVM_LTO = YES;
				MACOSX_DEPLOYMENT_TARGET = 10.11;
				MTL_HEADER_SEARCH_PATHS = "\"/Volumes/Land00m 1/GitHub/JT-16/modules/JUCE/modules/juce_audio_processors/format_types/VST3_SDK\" $(SRCROOT)/../../JuceLibraryCode \"/Volumes/Land00m 1/GitHub/JT-16/modules/JUCE/modules\" \"/Volumes/Land00m 1/GitHub/JT-16/modules/JUCE/modules/juce_audio_plugin_client\"";
				OTHER_LDFLAGS = "-bundle -lSIMD-Test";
				OTHER_REZFLAGS = "-d ppc_$ppc -d i386_$i386 -d ppc64_$ppc64 -d x86_64_$x86_64 -d arm64_$arm64 -I /System/Library/Frameworks/CoreServices.framework/Frameworks/CarbonCore.framework/Versions/A/Headers -I \"$(DEVELOPER_DIR)/Extras/CoreAudio/AudioUnits/AUPublic/AUBase\" -I \"$(DEVELOPER_DIR)/Platforms/MacOSX.platform/Developer/SDKs/MacOSX.sdk/System/Library/Frameworks/AudioUnit.framework/Headers\"";
				PRODUCT_BUNDLE_IDENTIFIER = com.ViatorDSP.SIMDTest;
				PRODUCT_NAME = "SIMD-Test";
				USE_HEADERMAP = NO;
				VALID_ARCHS = "i386 x86_64 arm64 arm64e";
				WRAPPER_EXTENSION = component;
			};
			name = Release;
		};
		75D4B87E45590320C2CC6416 /* Release */ = {
			isa = XCBuildConfiguration;
			buildSettings = {
				CLANG_CXX_LANGUAGE_STANDARD = "c++14";
				CLANG_CXX_LIBRARY = "libc++";
				CLANG_LINK_OBJC_RUNTIME = NO;
				CODE_SIGN_IDENTITY = "";
				COMBINE_HIDPI_IMAGES = YES;
				CONFIGURATION_BUILD_DIR = "$(PROJECT_DIR)/build/$(CONFIGURATION)";
				DEAD_CODE_STRIPPING = YES;
				EXCLUDED_ARCHS = "";
				GCC_GENERATE_DEBUGGING_SYMBOLS = NO;
				GCC_OPTIMIZATION_LEVEL = 3;
				GCC_PREPROCESSOR_DEFINITIONS = (
					"_NDEBUG=1",
					"NDEBUG=1",
					"JUCE_DISPLAY_SPLASH_SCREEN=0",
					"JUCE_USE_DARK_SPLASH_SCREEN=1",
					"JUCE_PROJUCER_VERSION=0x70001",
					"JUCE_MODULE_AVAILABLE_juce_audio_basics=1",
					"JUCE_MODULE_AVAILABLE_juce_audio_devices=1",
					"JUCE_MODULE_AVAILABLE_juce_audio_formats=1",
					"JUCE_MODULE_AVAILABLE_juce_audio_plugin_client=1",
					"JUCE_MODULE_AVAILABLE_juce_audio_processors=1",
					"JUCE_MODULE_AVAILABLE_juce_audio_utils=1",
					"JUCE_MODULE_AVAILABLE_juce_core=1",
					"JUCE_MODULE_AVAILABLE_juce_data_structures=1",
					"JUCE_MODULE_AVAILABLE_juce_dsp=1",
					"JUCE_MODULE_AVAILABLE_juce_events=1",
					"JUCE_MODULE_AVAILABLE_juce_graphics=1",
					"JUCE_MODULE_AVAILABLE_juce_gui_basics=1",
					"JUCE_MODULE_AVAILABLE_juce_gui_extra=1",
					"JUCE_GLOBAL_MODULE_SETTINGS_INCLUDED=1",
					"JUCE_VST3_CAN_REPLACE_VST2=0",
					"JUCE_STRICT_REFCOUNTEDPOINTER=1",
					"JucePlugin_Build_VST=0",
					"JucePlugin_Build_VST3=0",
					"JucePlugin_Build_AU=0",
					"JucePlugin_Build_AUv3=0",
					"JucePlugin_Build_AAX=0",
					"JucePlugin_Build_Standalone=1",
					"JucePlugin_Build_Unity=0",
					"JucePlugin_Build_LV2=0",
					"JucePlugin_Enable_IAA=0",
					"JucePlugin_Enable_ARA=0",
					"JucePlugin_Name=\\\"SIMD-Test\\\"",
					"JucePlugin_Desc=\\\"SIMD-Test\\\"",
					"JucePlugin_Manufacturer=\\\"Viator\\ DSP\\\"",
					"JucePlugin_ManufacturerWebsite=\\\"www.ViatorDSP.com\\\"",
					"JucePlugin_ManufacturerEmail=\\\"\\\"",
					"JucePlugin_ManufacturerCode=0x4d616e75",
					"JucePlugin_PluginCode=0x59627964",
					"JucePlugin_IsSynth=0",
					"JucePlugin_WantsMidiInput=0",
					"JucePlugin_ProducesMidiOutput=0",
					"JucePlugin_IsMidiEffect=0",
					"JucePlugin_EditorRequiresKeyboardFocus=0",
					"JucePlugin_Version=1.0.0",
					"JucePlugin_VersionCode=0x10000",
					"JucePlugin_VersionString=\\\"1.0.0\\\"",
					"JucePlugin_VSTUniqueID=JucePlugin_PluginCode",
					"JucePlugin_VSTCategory=kPlugCategEffect",
					"JucePlugin_Vst3Category=\\\"Fx\\\"",
					"JucePlugin_AUMainType=\\'aufx\\'",
					"JucePlugin_AUSubType=JucePlugin_PluginCode",
					"JucePlugin_AUExportPrefix=SIMDTestAU",
					"JucePlugin_AUExportPrefixQuoted=\\\"SIMDTestAU\\\"",
					"JucePlugin_AUManufacturerCode=JucePlugin_ManufacturerCode",
					"JucePlugin_CFBundleIdentifier=com.ViatorDSP.SIMDTest",
					"JucePlugin_AAXIdentifier=com.ViatorDSP.SIMDTest",
					"JucePlugin_AAXManufacturerCode=JucePlugin_ManufacturerCode",
					"JucePlugin_AAXProductId=JucePlugin_PluginCode",
					"JucePlugin_AAXCategory=0",
					"JucePlugin_AAXDisableBypass=0",
					"JucePlugin_AAXDisableMultiMono=0",
					"JucePlugin_IAAType=0x61757278",
					"JucePlugin_IAASubType=JucePlugin_PluginCode",
					"JucePlugin_IAAName=\\\"Viator\\ DSP:\\ SIMD-Test\\\"",
					"JucePlugin_VSTNumMidiInputs=16",
					"JucePlugin_VSTNumMidiOutputs=16",
					"JucePlugin_ARAContentTypes=0",
					"JucePlugin_ARATransformationFlags=0",
					"JucePlugin_ARAFactoryID=\\\"com.ViatorDSP.SIMDTest.factory\\\"",
					"JucePlugin_ARADocumentArchiveID=\\\"com.ViatorDSP.SIMDTest.aradocumentarchive.1.0.0\\\"",
					"JucePlugin_ARACompatibleArchiveIDs=\\\"\\\"",
					"JUCE_STANDALONE_APPLICATION=JucePlugin_Build_Standalone",
					"JUCER_XCODE_MAC_F6D2F4CF=1",
					"JUCE_APP_VERSION=1.0.0",
					"JUCE_APP_VERSION_HEX=0x10000",
				);
				GCC_VERSION = com.apple.compilers.llvm.clang.1_0;
				HEADER_SEARCH_PATHS = (
					"\"/Volumes/Land00m 1/GitHub/JT-16/modules/JUCE/modules/juce_audio_processors/format_types/VST3_SDK\"",
					"$(SRCROOT)/../../JuceLibraryCode",
					"\"/Volumes/Land00m 1/GitHub/JT-16/modules/JUCE/modules\"",
					"\"/Volumes/Land00m 1/GitHub/JT-16/modules/JUCE/modules/juce_audio_plugin_client\"",
					"$(inherited)",
				);
				INFOPLIST_FILE = Info-Standalone_Plugin.plist;
				INFOPLIST_PREPROCESS = NO;
				LLVM_LTO = YES;
				MACOSX_DEPLOYMENT_TARGET = 10.11;
				MTL_HEADER_SEARCH_PATHS = "\"/Volumes/Land00m 1/GitHub/JT-16/modules/JUCE/modules/juce_audio_processors/format_types/VST3_SDK\" $(SRCROOT)/../../JuceLibraryCode \"/Volumes/Land00m 1/GitHub/JT-16/modules/JUCE/modules\" \"/Volumes/Land00m 1/GitHub/JT-16/modules/JUCE/modules/juce_audio_plugin_client\"";
				OTHER_LDFLAGS = "-lSIMD-Test";
				PRODUCT_BUNDLE_IDENTIFIER = com.ViatorDSP.SIMDTest;
				PRODUCT_NAME = "SIMD-Test";
				USE_HEADERMAP = NO;
				VALID_ARCHS = "i386 x86_64 arm64 arm64e";
			};
			name = Release;
		};
		936FCFE2345F50FAB24F6FA1 /* Release */ = {
			isa = XCBuildConfiguration;
			buildSettings = {
				ALWAYS_SEARCH_USER_PATHS = NO;
				CLANG_ENABLE_OBJC_WEAK = YES;
				CLANG_WARN_BLOCK_CAPTURE_AUTORELEASING = YES;
				CLANG_WARN_BOOL_CONVERSION = YES;
				CLANG_WARN_COMMA = YES;
				CLANG_WARN_CONSTANT_CONVERSION = YES;
				CLANG_WARN_DEPRECATED_OBJC_IMPLEMENTATIONS = YES;
				CLANG_WARN_EMPTY_BODY = YES;
				CLANG_WARN_ENUM_CONVERSION = YES;
				CLANG_WARN_INFINITE_RECURSION = YES;
				CLANG_WARN_INT_CONVERSION = YES;
				CLANG_WARN_NON_LITERAL_NULL_CONVERSION = YES;
				CLANG_WARN_OBJC_IMPLICIT_RETAIN_SELF = YES;
				CLANG_WARN_OBJC_LITERAL_CONVERSION = YES;
				CLANG_WARN_RANGE_LOOP_ANALYSIS = YES;
				CLANG_WARN_STRICT_PROTOTYPES = YES;
				CLANG_WARN_SUSPICIOUS_MOVE = YES;
				CLANG_WARN_UNREACHABLE_CODE = YES;
				CLANG_WARN__DUPLICATE_METHOD_MATCH = YES;
				CODE_SIGN_IDENTITY = "";
				DEBUG_INFORMATION_FORMAT = dwarf;
				ENABLE_STRICT_OBJC_MSGSEND = YES;
				ENABLE_TESTABILITY = NO;
				GCC_C_LANGUAGE_STANDARD = c11;
				GCC_INLINES_ARE_PRIVATE_EXTERN = YES;
				GCC_MODEL_TUNING = G5;
				GCC_NO_COMMON_BLOCKS = YES;
				GCC_SYMBOLS_PRIVATE_EXTERN = YES;
				GCC_WARN_64_TO_32_BIT_CONVERSION = YES;
				GCC_WARN_ABOUT_RETURN_TYPE = YES;
				GCC_WARN_CHECK_SWITCH_STATEMENTS = YES;
				GCC_WARN_MISSING_PARENTHESES = YES;
				GCC_WARN_NON_VIRTUAL_DESTRUCTOR = YES;
				GCC_WARN_TYPECHECK_CALLS_TO_PRINTF = YES;
				GCC_WARN_UNDECLARED_SELECTOR = YES;
				GCC_WARN_UNINITIALIZED_AUTOS = YES;
				GCC_WARN_UNUSED_FUNCTION = YES;
				GCC_WARN_UNUSED_VARIABLE = YES;
				PRODUCT_NAME = "SIMD-Test";
				SDKROOT = macosx;
				WARNING_CFLAGS = "-Wreorder";
				ZERO_LINK = NO;
			};
			name = Release;
		};
		AE8D7086A910C7B4B036E033 /* Debug */ = {
			isa = XCBuildConfiguration;
			buildSettings = {
				CLANG_CXX_LANGUAGE_STANDARD = "c++14";
				CLANG_CXX_LIBRARY = "libc++";
				CLANG_LINK_OBJC_RUNTIME = NO;
				CODE_SIGN_IDENTITY = "";
				COMBINE_HIDPI_IMAGES = YES;
				CONFIGURATION_BUILD_DIR = "$(PROJECT_DIR)/build/$(CONFIGURATION)";
				COPY_PHASE_STRIP = NO;
				EXCLUDED_ARCHS = "";
				GCC_DYNAMIC_NO_PIC = NO;
				GCC_OPTIMIZATION_LEVEL = 0;
				GCC_PREPROCESSOR_DEFINITIONS = (
					"_DEBUG=1",
					"DEBUG=1",
					"JUCE_DISPLAY_SPLASH_SCREEN=0",
					"JUCE_USE_DARK_SPLASH_SCREEN=1",
					"JUCE_PROJUCER_VERSION=0x70001",
					"JUCE_MODULE_AVAILABLE_juce_audio_basics=1",
					"JUCE_MODULE_AVAILABLE_juce_audio_devices=1",
					"JUCE_MODULE_AVAILABLE_juce_audio_formats=1",
					"JUCE_MODULE_AVAILABLE_juce_audio_plugin_client=1",
					"JUCE_MODULE_AVAILABLE_juce_audio_processors=1",
					"JUCE_MODULE_AVAILABLE_juce_audio_utils=1",
					"JUCE_MODULE_AVAILABLE_juce_core=1",
					"JUCE_MODULE_AVAILABLE_juce_data_structures=1",
					"JUCE_MODULE_AVAILABLE_juce_dsp=1",
					"JUCE_MODULE_AVAILABLE_juce_events=1",
					"JUCE_MODULE_AVAILABLE_juce_graphics=1",
					"JUCE_MODULE_AVAILABLE_juce_gui_basics=1",
					"JUCE_MODULE_AVAILABLE_juce_gui_extra=1",
					"JUCE_GLOBAL_MODULE_SETTINGS_INCLUDED=1",
					"JUCE_VST3_CAN_REPLACE_VST2=0",
					"JUCE_STRICT_REFCOUNTEDPOINTER=1",
					"JucePlugin_Build_VST=0",
					"JucePlugin_Build_VST3=1",
					"JucePlugin_Build_AU=1",
					"JucePlugin_Build_AUv3=0",
					"JucePlugin_Build_AAX=0",
					"JucePlugin_Build_Standalone=1",
					"JucePlugin_Build_Unity=0",
					"JucePlugin_Build_LV2=0",
					"JucePlugin_Enable_IAA=0",
					"JucePlugin_Enable_ARA=0",
					"JucePlugin_Name=\\\"SIMD-Test\\\"",
					"JucePlugin_Desc=\\\"SIMD-Test\\\"",
					"JucePlugin_Manufacturer=\\\"Viator\\ DSP\\\"",
					"JucePlugin_ManufacturerWebsite=\\\"www.ViatorDSP.com\\\"",
					"JucePlugin_ManufacturerEmail=\\\"\\\"",
					"JucePlugin_ManufacturerCode=0x4d616e75",
					"JucePlugin_PluginCode=0x59627964",
					"JucePlugin_IsSynth=0",
					"JucePlugin_WantsMidiInput=0",
					"JucePlugin_ProducesMidiOutput=0",
					"JucePlugin_IsMidiEffect=0",
					"JucePlugin_EditorRequiresKeyboardFocus=0",
					"JucePlugin_Version=1.0.0",
					"JucePlugin_VersionCode=0x10000",
					"JucePlugin_VersionString=\\\"1.0.0\\\"",
					"JucePlugin_VSTUniqueID=JucePlugin_PluginCode",
					"JucePlugin_VSTCategory=kPlugCategEffect",
					"JucePlugin_Vst3Category=\\\"Fx\\\"",
					"JucePlugin_AUMainType=\\'aufx\\'",
					"JucePlugin_AUSubType=JucePlugin_PluginCode",
					"JucePlugin_AUExportPrefix=SIMDTestAU",
					"JucePlugin_AUExportPrefixQuoted=\\\"SIMDTestAU\\\"",
					"JucePlugin_AUManufacturerCode=JucePlugin_ManufacturerCode",
					"JucePlugin_CFBundleIdentifier=com.ViatorDSP.SIMDTest",
					"JucePlugin_AAXIdentifier=com.ViatorDSP.SIMDTest",
					"JucePlugin_AAXManufacturerCode=JucePlugin_ManufacturerCode",
					"JucePlugin_AAXProductId=JucePlugin_PluginCode",
					"JucePlugin_AAXCategory=0",
					"JucePlugin_AAXDisableBypass=0",
					"JucePlugin_AAXDisableMultiMono=0",
					"JucePlugin_IAAType=0x61757278",
					"JucePlugin_IAASubType=JucePlugin_PluginCode",
					"JucePlugin_IAAName=\\\"Viator\\ DSP:\\ SIMD-Test\\\"",
					"JucePlugin_VSTNumMidiInputs=16",
					"JucePlugin_VSTNumMidiOutputs=16",
					"JucePlugin_ARAContentTypes=0",
					"JucePlugin_ARATransformationFlags=0",
					"JucePlugin_ARAFactoryID=\\\"com.ViatorDSP.SIMDTest.factory\\\"",
					"JucePlugin_ARADocumentArchiveID=\\\"com.ViatorDSP.SIMDTest.aradocumentarchive.1.0.0\\\"",
					"JucePlugin_ARACompatibleArchiveIDs=\\\"\\\"",
					"JUCE_STANDALONE_APPLICATION=JucePlugin_Build_Standalone",
					"JUCER_XCODE_MAC_F6D2F4CF=1",
					"JUCE_APP_VERSION=1.0.0",
					"JUCE_APP_VERSION_HEX=0x10000",
					"JUCE_SHARED_CODE=1",
				);
				GCC_VERSION = com.apple.compilers.llvm.clang.1_0;
				HEADER_SEARCH_PATHS = (
					"\"/Volumes/Land00m 1/GitHub/JT-16/modules/JUCE/modules/juce_audio_processors/format_types/VST3_SDK\"",
					"$(SRCROOT)/../../JuceLibraryCode",
					"\"/Volumes/Land00m 1/GitHub/JT-16/modules/JUCE/modules\"",
					"\"/Volumes/Land00m 1/GitHub/JT-16/modules/JUCE/modules/juce_audio_plugin_client\"",
					"$(inherited)",
				);
				INSTALL_PATH = "@executable_path/../Frameworks";
				MACOSX_DEPLOYMENT_TARGET = 10.11;
				MTL_HEADER_SEARCH_PATHS = "\"/Volumes/Land00m 1/GitHub/JT-16/modules/JUCE/modules/juce_audio_processors/format_types/VST3_SDK\" $(SRCROOT)/../../JuceLibraryCode \"/Volumes/Land00m 1/GitHub/JT-16/modules/JUCE/modules\" \"/Volumes/Land00m 1/GitHub/JT-16/modules/JUCE/modules/juce_audio_plugin_client\"";
				PRODUCT_BUNDLE_IDENTIFIER = com.ViatorDSP.SIMDTest;
				PRODUCT_NAME = "SIMD-Test";
				SKIP_INSTALL = YES;
				USE_HEADERMAP = NO;
				VALID_ARCHS = "i386 x86_64 arm64 arm64e";
			};
			name = Debug;
		};
		C7DADCAC41481433F1F2FF61 /* Debug */ = {
			isa = XCBuildConfiguration;
			buildSettings = {
				CLANG_CXX_LANGUAGE_STANDARD = "c++14";
				CLANG_CXX_LIBRARY = "libc++";
				CLANG_LINK_OBJC_RUNTIME = NO;
				CODE_SIGN_IDENTITY = "";
				COMBINE_HIDPI_IMAGES = YES;
				CONFIGURATION_BUILD_DIR = "$(PROJECT_DIR)/build/$(CONFIGURATION)";
				COPY_PHASE_STRIP = NO;
				DEPLOYMENT_LOCATION = YES;
				DSTROOT = /;
				EXCLUDED_ARCHS = "";
				GCC_DYNAMIC_NO_PIC = NO;
				GCC_OPTIMIZATION_LEVEL = 0;
				GCC_PREPROCESSOR_DEFINITIONS = (
					"_DEBUG=1",
					"DEBUG=1",
					"JUCE_DISPLAY_SPLASH_SCREEN=0",
					"JUCE_USE_DARK_SPLASH_SCREEN=1",
					"JUCE_PROJUCER_VERSION=0x70001",
					"JUCE_MODULE_AVAILABLE_juce_audio_basics=1",
					"JUCE_MODULE_AVAILABLE_juce_audio_devices=1",
					"JUCE_MODULE_AVAILABLE_juce_audio_formats=1",
					"JUCE_MODULE_AVAILABLE_juce_audio_plugin_client=1",
					"JUCE_MODULE_AVAILABLE_juce_audio_processors=1",
					"JUCE_MODULE_AVAILABLE_juce_audio_utils=1",
					"JUCE_MODULE_AVAILABLE_juce_core=1",
					"JUCE_MODULE_AVAILABLE_juce_data_structures=1",
					"JUCE_MODULE_AVAILABLE_juce_dsp=1",
					"JUCE_MODULE_AVAILABLE_juce_events=1",
					"JUCE_MODULE_AVAILABLE_juce_graphics=1",
					"JUCE_MODULE_AVAILABLE_juce_gui_basics=1",
					"JUCE_MODULE_AVAILABLE_juce_gui_extra=1",
					"JUCE_GLOBAL_MODULE_SETTINGS_INCLUDED=1",
					"JUCE_VST3_CAN_REPLACE_VST2=0",
					"JUCE_STRICT_REFCOUNTEDPOINTER=1",
					"JucePlugin_Build_VST=0",
					"JucePlugin_Build_VST3=0",
					"JucePlugin_Build_AU=1",
					"JucePlugin_Build_AUv3=0",
					"JucePlugin_Build_AAX=0",
					"JucePlugin_Build_Standalone=0",
					"JucePlugin_Build_Unity=0",
					"JucePlugin_Build_LV2=0",
					"JucePlugin_Enable_IAA=0",
					"JucePlugin_Enable_ARA=0",
					"JucePlugin_Name=\\\"SIMD-Test\\\"",
					"JucePlugin_Desc=\\\"SIMD-Test\\\"",
					"JucePlugin_Manufacturer=\\\"Viator\\ DSP\\\"",
					"JucePlugin_ManufacturerWebsite=\\\"www.ViatorDSP.com\\\"",
					"JucePlugin_ManufacturerEmail=\\\"\\\"",
					"JucePlugin_ManufacturerCode=0x4d616e75",
					"JucePlugin_PluginCode=0x59627964",
					"JucePlugin_IsSynth=0",
					"JucePlugin_WantsMidiInput=0",
					"JucePlugin_ProducesMidiOutput=0",
					"JucePlugin_IsMidiEffect=0",
					"JucePlugin_EditorRequiresKeyboardFocus=0",
					"JucePlugin_Version=1.0.0",
					"JucePlugin_VersionCode=0x10000",
					"JucePlugin_VersionString=\\\"1.0.0\\\"",
					"JucePlugin_VSTUniqueID=JucePlugin_PluginCode",
					"JucePlugin_VSTCategory=kPlugCategEffect",
					"JucePlugin_Vst3Category=\\\"Fx\\\"",
					"JucePlugin_AUMainType=\\'aufx\\'",
					"JucePlugin_AUSubType=JucePlugin_PluginCode",
					"JucePlugin_AUExportPrefix=SIMDTestAU",
					"JucePlugin_AUExportPrefixQuoted=\\\"SIMDTestAU\\\"",
					"JucePlugin_AUManufacturerCode=JucePlugin_ManufacturerCode",
					"JucePlugin_CFBundleIdentifier=com.ViatorDSP.SIMDTest",
					"JucePlugin_AAXIdentifier=com.ViatorDSP.SIMDTest",
					"JucePlugin_AAXManufacturerCode=JucePlugin_ManufacturerCode",
					"JucePlugin_AAXProductId=JucePlugin_PluginCode",
					"JucePlugin_AAXCategory=0",
					"JucePlugin_AAXDisableBypass=0",
					"JucePlugin_AAXDisableMultiMono=0",
					"JucePlugin_IAAType=0x61757278",
					"JucePlugin_IAASubType=JucePlugin_PluginCode",
					"JucePlugin_IAAName=\\\"Viator\\ DSP:\\ SIMD-Test\\\"",
					"JucePlugin_VSTNumMidiInputs=16",
					"JucePlugin_VSTNumMidiOutputs=16",
					"JucePlugin_ARAContentTypes=0",
					"JucePlugin_ARATransformationFlags=0",
					"JucePlugin_ARAFactoryID=\\\"com.ViatorDSP.SIMDTest.factory\\\"",
					"JucePlugin_ARADocumentArchiveID=\\\"com.ViatorDSP.SIMDTest.aradocumentarchive.1.0.0\\\"",
					"JucePlugin_ARACompatibleArchiveIDs=\\\"\\\"",
					"JUCE_STANDALONE_APPLICATION=JucePlugin_Build_Standalone",
					"JUCER_XCODE_MAC_F6D2F4CF=1",
					"JUCE_APP_VERSION=1.0.0",
					"JUCE_APP_VERSION_HEX=0x10000",
				);
				GCC_VERSION = com.apple.compilers.llvm.clang.1_0;
				GENERATE_PKGINFO_FILE = YES;
				HEADER_SEARCH_PATHS = (
					"\"/Volumes/Land00m 1/GitHub/JT-16/modules/JUCE/modules/juce_audio_processors/format_types/VST3_SDK\"",
					"$(SRCROOT)/../../JuceLibraryCode",
					"\"/Volumes/Land00m 1/GitHub/JT-16/modules/JUCE/modules\"",
					"\"/Volumes/Land00m 1/GitHub/JT-16/modules/JUCE/modules/juce_audio_plugin_client\"",
					"$(inherited)",
				);
				INFOPLIST_FILE = Info-AU.plist;
				INFOPLIST_PREPROCESS = NO;
				INSTALL_PATH = "$(HOME)/Library/Audio/Plug-Ins/Components/";
				LIBRARY_STYLE = Bundle;
				MACOSX_DEPLOYMENT_TARGET = 10.11;
				MTL_HEADER_SEARCH_PATHS = "\"/Volumes/Land00m 1/GitHub/JT-16/modules/JUCE/modules/juce_audio_processors/format_types/VST3_SDK\" $(SRCROOT)/../../JuceLibraryCode \"/Volumes/Land00m 1/GitHub/JT-16/modules/JUCE/modules\" \"/Volumes/Land00m 1/GitHub/JT-16/modules/JUCE/modules/juce_audio_plugin_client\"";
				OTHER_LDFLAGS = "-bundle -lSIMD-Test";
				OTHER_REZFLAGS = "-d ppc_$ppc -d i386_$i386 -d ppc64_$ppc64 -d x86_64_$x86_64 -d arm64_$arm64 -I /System/Library/Frameworks/CoreServices.framework/Frameworks/CarbonCore.framework/Versions/A/Headers -I \"$(DEVELOPER_DIR)/Extras/CoreAudio/AudioUnits/AUPublic/AUBase\" -I \"$(DEVELOPER_DIR)/Platforms/MacOSX.platform/Developer/SDKs/MacOSX.sdk/System/Library/Frameworks/AudioUnit.framework/Headers\"";
				PRODUCT_BUNDLE_IDENTIFIER = com.ViatorDSP.SIMDTest;
				PRODUCT_NAME = "SIMD-Test";
				USE_HEADERMAP = NO;
				VALID_ARCHS = "i386 x86_64 arm64 arm64e";
				WRAPPER_EXTENSION = component;
			};
			name = Debug;
		};
		D270719746DD3EA6C252B93D /* Debug */ = {
			isa = XCBuildConfiguration;
			buildSettings = {
				MACOSX_DEPLOYMENT_TARGET = 10.11;
				SDKROOT = macosx;
			};
			name = Debug;
		};
		EF3280D0788B8A762BD4EFB2 /* Release */ = {
			isa = XCBuildConfiguration;
			buildSettings = {
				MACOSX_DEPLOYMENT_TARGET = 10.11;
				SDKROOT = macosx;
			};
			name = Release;
		};
/* End XCBuildConfiguration section */

/* Begin XCConfigurationList section */
		1F76ECA70D98B94FE9AC070A = {
			isa = XCConfigurationList;
			buildConfigurations = (
				AE8D7086A910C7B4B036E033,
				0878B0E34825F5FAEAFE72CD,
			);
			defaultConfigurationIsVisible = 0;
			defaultConfigurationName = Debug;
		};
		92039E946F01CDF419A716FC = {
			isa = XCConfigurationList;
			buildConfigurations = (
				38E52E9D637B209EA26E8B6E,
				75D4B87E45590320C2CC6416,
			);
			defaultConfigurationIsVisible = 0;
			defaultConfigurationName = Debug;
		};
		9818A2C861D1D6EBF8952CA7 = {
			isa = XCConfigurationList;
			buildConfigurations = (
				C7DADCAC41481433F1F2FF61,
				7526815CE078A5D4C9F46E90,
			);
			defaultConfigurationIsVisible = 0;
			defaultConfigurationName = Debug;
		};
		B3C8230BCBDFD7B76BA45F55 = {
			isa = XCConfigurationList;
			buildConfigurations = (
				189A1A5024EB9CD5B73F0C8E,
				936FCFE2345F50FAB24F6FA1,
			);
			defaultConfigurationIsVisible = 0;
			defaultConfigurationName = Debug;
		};
		BBB3B2300EC42DB966BA112A = {
			isa = XCConfigurationList;
			buildConfigurations = (
				730D45A7B7DBE35A50253B8D,
				66FFFF65BF6725C02472045C,
			);
			defaultConfigurationIsVisible = 0;
			defaultConfigurationName = Debug;
		};
		F0560F27CCD31A6DF6465F92 = {
			isa = XCConfigurationList;
			buildConfigurations = (
				D270719746DD3EA6C252B93D,
				EF3280D0788B8A762BD4EFB2,
			);
			defaultConfigurationIsVisible = 0;
			defaultConfigurationName = Debug;
		};
/* End XCConfigurationList section */
	};
	rootObject = 987543A5C77DC8B3EADF082F /* Project object */;
}
